// !$*UTF8*$!
{
	archiveVersion = 1;
	classes = {
	};
	objectVersion = 77;
	objects = {

/* Begin PBXBuildFile section */
		1761F2DFBCACF1881E66A817 /* Pods_EW_Empty_Window_Paid.framework in Frameworks */ = {isa = PBXBuildFile; fileRef = 99B1B69C2472FB0C13B4EBB5 /* Pods_EW_Empty_Window_Paid.framework */; };
		2B0641D5F29286F29A9A6905 /* Pods_EW_Empty_Window.framework in Frameworks */ = {isa = PBXBuildFile; fileRef = 498A826CD6AAADE753B9E23C /* Pods_EW_Empty_Window.framework */; };
		C43152932DB749BB00E763D4 /* RemoteConfig.framework in Frameworks */ = {isa = PBXBuildFile; fileRef = C43152922DB749BB00E763D4 /* RemoteConfig.framework */; };
		C43152942DB749BB00E763D4 /* RemoteConfig.framework in Embed Frameworks */ = {isa = PBXBuildFile; fileRef = C43152922DB749BB00E763D4 /* RemoteConfig.framework */; settings = {ATTRIBUTES = (CodeSignOnCopy, RemoveHeadersOnCopy, ); }; };
		C43926032DAFCB89008088B0 /* generate_configs.sh in Resources */ = {isa = PBXBuildFile; fileRef = C43926022DAFCB78008088B0 /* generate_configs.sh */; };
		C45528982DC613F3000C0992 /* DashboardList.swift in Sources */ = {isa = PBXBuildFile; fileRef = C45528972DC613F3000C0992 /* DashboardList.swift */; };
		C45528992DC613F3000C0992 /* DashboardList.swift in Sources */ = {isa = PBXBuildFile; fileRef = C45528972DC613F3000C0992 /* DashboardList.swift */; };
		C45528A22DD09D91000C0992 /* Paid.storyboard in Resources */ = {isa = PBXBuildFile; fileRef = C45528A12DD09D91000C0992 /* Paid.storyboard */; };
		C45528D42DD732E2000C0992 /* NetworkViewController.swift in Sources */ = {isa = PBXBuildFile; fileRef = C45528D32DD732E2000C0992 /* NetworkViewController.swift */; };
		C45528D52DD732E2000C0992 /* NetworkViewController.swift in Sources */ = {isa = PBXBuildFile; fileRef = C45528D32DD732E2000C0992 /* NetworkViewController.swift */; };
		C45528D72DD734DA000C0992 /* Alamofire.xcframework in Frameworks */ = {isa = PBXBuildFile; fileRef = C45528D62DD734DA000C0992 /* Alamofire.xcframework */; };
		C45528D92DD73868000C0992 /* Alamofire.xcframework in Frameworks */ = {isa = PBXBuildFile; fileRef = C45528D62DD734DA000C0992 /* Alamofire.xcframework */; };
		C47A56112DB384FB00A26E26 /* Configs.swift in Sources */ = {isa = PBXBuildFile; fileRef = C47A56102DB384FB00A26E26 /* Configs.swift */; };
		C47A56142DB39F9100A26E26 /* WorkSpaceViewController.swift in Sources */ = {isa = PBXBuildFile; fileRef = C47A56132DB39F9100A26E26 /* WorkSpaceViewController.swift */; };
		C47A56162DB660D900A26E26 /* NetworkService.framework in Frameworks */ = {isa = PBXBuildFile; fileRef = C47A56152DB660D900A26E26 /* NetworkService.framework */; };
		C47A56172DB660D900A26E26 /* NetworkService.framework in Embed Frameworks */ = {isa = PBXBuildFile; fileRef = C47A56152DB660D900A26E26 /* NetworkService.framework */; settings = {ATTRIBUTES = (CodeSignOnCopy, RemoveHeadersOnCopy, ); }; };
		C47D0C872D96A0B5000900D2 /* DashboardViewController.swift in Sources */ = {isa = PBXBuildFile; fileRef = C47D0C862D96A0B5000900D2 /* DashboardViewController.swift */; };
		C47D0C892D96E93C000900D2 /* BuildInfoViewController.swift in Sources */ = {isa = PBXBuildFile; fileRef = C47D0C882D96E93C000900D2 /* BuildInfoViewController.swift */; };
		C47D0C982D9AE2B8000900D2 /* Settings.swift in Sources */ = {isa = PBXBuildFile; fileRef = C47D0C972D9AE2B8000900D2 /* Settings.swift */; };
		C4A59CEB2DB794A2004CFA72 /* libFeatureFlag.a in Frameworks */ = {isa = PBXBuildFile; fileRef = C4A59CEA2DB794A2004CFA72 /* libFeatureFlag.a */; };
		C4A59D262DBBDF69004CFA72 /* ImageLoading.xcframework in Frameworks */ = {isa = PBXBuildFile; fileRef = C4A59D252DBBDF69004CFA72 /* ImageLoading.xcframework */; };
		C4A59D272DBBDF69004CFA72 /* ImageLoading.xcframework in Embed Frameworks */ = {isa = PBXBuildFile; fileRef = C4A59D252DBBDF69004CFA72 /* ImageLoading.xcframework */; settings = {ATTRIBUTES = (CodeSignOnCopy, RemoveHeadersOnCopy, ); }; };
		C4A59D422DBF6C6C004CFA72 /* ViewController.swift in Sources */ = {isa = PBXBuildFile; fileRef = C82C8CA228B4EC7F00CBF5D7 /* ViewController.swift */; };
		C4A59D432DBF6C6C004CFA72 /* DashboardViewController.swift in Sources */ = {isa = PBXBuildFile; fileRef = C47D0C862D96A0B5000900D2 /* DashboardViewController.swift */; };
		C4A59D442DBF6C6C004CFA72 /* WorkSpaceViewController.swift in Sources */ = {isa = PBXBuildFile; fileRef = C47A56132DB39F9100A26E26 /* WorkSpaceViewController.swift */; };
		C4A59D452DBF6C6C004CFA72 /* AppDelegate.swift in Sources */ = {isa = PBXBuildFile; fileRef = C82C8C9E28B4EC7F00CBF5D7 /* AppDelegate.swift */; };
		C4A59D462DBF6C6C004CFA72 /* BuildInfoViewController.swift in Sources */ = {isa = PBXBuildFile; fileRef = C47D0C882D96E93C000900D2 /* BuildInfoViewController.swift */; };
		C4A59D472DBF6C6C004CFA72 /* Settings.swift in Sources */ = {isa = PBXBuildFile; fileRef = C47D0C972D9AE2B8000900D2 /* Settings.swift */; };
		C4A59D482DBF6C6C004CFA72 /* Network.swift in Sources */ = {isa = PBXBuildFile; fileRef = C821BDC5293523A200EE27BD /* Network.swift */; };
		C4A59D492DBF6C6C004CFA72 /* BuildInfos.swift in Sources */ = {isa = PBXBuildFile; fileRef = C4EE82C22D9D2E88008D82ED /* BuildInfos.swift */; };
		C4A59D4A2DBF6C6C004CFA72 /* SceneDelegate.swift in Sources */ = {isa = PBXBuildFile; fileRef = C82C8CA028B4EC7F00CBF5D7 /* SceneDelegate.swift */; };
		C4A59D4B2DBF6C6C004CFA72 /* LocationDataManager.swift in Sources */ = {isa = PBXBuildFile; fileRef = D0E8864E2A4EC794003B6E40 /* LocationDataManager.swift */; };
		C4A59D4C2DBF6C6C004CFA72 /* Calculator.swift in Sources */ = {isa = PBXBuildFile; fileRef = D0564B3A2AD2B48F002DBC2C /* Calculator.swift */; };
		C4A59D4D2DBF6C6C004CFA72 /* Configs.swift in Sources */ = {isa = PBXBuildFile; fileRef = C47A56102DB384FB00A26E26 /* Configs.swift */; };
		C4A59D4F2DBF6C6C004CFA72 /* ImageLoading.xcframework in Frameworks */ = {isa = PBXBuildFile; fileRef = C4A59D252DBBDF69004CFA72 /* ImageLoading.xcframework */; };
		C4A59D502DBF6C6C004CFA72 /* RemoteConfig.framework in Frameworks */ = {isa = PBXBuildFile; fileRef = C43152922DB749BB00E763D4 /* RemoteConfig.framework */; };
		C4A59D512DBF6C6C004CFA72 /* libFeatureFlag.a in Frameworks */ = {isa = PBXBuildFile; fileRef = C4A59CEA2DB794A2004CFA72 /* libFeatureFlag.a */; };
		C4A59D522DBF6C6C004CFA72 /* NetworkService.framework in Frameworks */ = {isa = PBXBuildFile; fileRef = C47A56152DB660D900A26E26 /* NetworkService.framework */; };
		C4A59D542DBF6C6C004CFA72 /* LaunchScreen.storyboard in Resources */ = {isa = PBXBuildFile; fileRef = C82C8CA928B4EC8200CBF5D7 /* LaunchScreen.storyboard */; };
		C4A59D552DBF6C6C004CFA72 /* generate_configs.sh in Resources */ = {isa = PBXBuildFile; fileRef = C43926022DAFCB78008088B0 /* generate_configs.sh */; };
		C4A59D562DBF6C6C004CFA72 /* Assets.xcassets in Resources */ = {isa = PBXBuildFile; fileRef = C82C8CA728B4EC8200CBF5D7 /* Assets.xcassets */; };
		C4A59D572DBF6C6C004CFA72 /* Main.storyboard in Resources */ = {isa = PBXBuildFile; fileRef = C82C8CA428B4EC7F00CBF5D7 /* Main.storyboard */; };
		C4A59D592DBF6C6C004CFA72 /* RemoteConfig.framework in Embed Frameworks */ = {isa = PBXBuildFile; fileRef = C43152922DB749BB00E763D4 /* RemoteConfig.framework */; settings = {ATTRIBUTES = (CodeSignOnCopy, RemoveHeadersOnCopy, ); }; };
		C4A59D5A2DBF6C6C004CFA72 /* ImageLoading.xcframework in Embed Frameworks */ = {isa = PBXBuildFile; fileRef = C4A59D252DBBDF69004CFA72 /* ImageLoading.xcframework */; settings = {ATTRIBUTES = (CodeSignOnCopy, RemoveHeadersOnCopy, ); }; };
		C4A59D5B2DBF6C6C004CFA72 /* NetworkService.framework in Embed Frameworks */ = {isa = PBXBuildFile; fileRef = C47A56152DB660D900A26E26 /* NetworkService.framework */; settings = {ATTRIBUTES = (CodeSignOnCopy, RemoveHeadersOnCopy, ); }; };
		C4EE82C32D9D2E88008D82ED /* BuildInfos.swift in Sources */ = {isa = PBXBuildFile; fileRef = C4EE82C22D9D2E88008D82ED /* BuildInfos.swift */; };
		C821BDC6293523A200EE27BD /* Network.swift in Sources */ = {isa = PBXBuildFile; fileRef = C821BDC5293523A200EE27BD /* Network.swift */; };
		C82C8C9F28B4EC7F00CBF5D7 /* AppDelegate.swift in Sources */ = {isa = PBXBuildFile; fileRef = C82C8C9E28B4EC7F00CBF5D7 /* AppDelegate.swift */; };
		C82C8CA128B4EC7F00CBF5D7 /* SceneDelegate.swift in Sources */ = {isa = PBXBuildFile; fileRef = C82C8CA028B4EC7F00CBF5D7 /* SceneDelegate.swift */; };
		C82C8CA328B4EC7F00CBF5D7 /* ViewController.swift in Sources */ = {isa = PBXBuildFile; fileRef = C82C8CA228B4EC7F00CBF5D7 /* ViewController.swift */; };
		C82C8CA628B4EC7F00CBF5D7 /* Main.storyboard in Resources */ = {isa = PBXBuildFile; fileRef = C82C8CA428B4EC7F00CBF5D7 /* Main.storyboard */; };
		C82C8CA828B4EC8200CBF5D7 /* Assets.xcassets in Resources */ = {isa = PBXBuildFile; fileRef = C82C8CA728B4EC8200CBF5D7 /* Assets.xcassets */; };
		C82C8CAB28B4EC8200CBF5D7 /* LaunchScreen.storyboard in Resources */ = {isa = PBXBuildFile; fileRef = C82C8CA928B4EC8200CBF5D7 /* LaunchScreen.storyboard */; };
		CFEDD111C8351FB5D9EF31F6 /* Pods_Empty_Window_Tests.framework in Frameworks */ = {isa = PBXBuildFile; fileRef = 4983F2E3F732853BE33E3F7D /* Pods_Empty_Window_Tests.framework */; };
		D0564B332AD2B16A002DBC2C /* Empty_Window_Tests.swift in Sources */ = {isa = PBXBuildFile; fileRef = D0564B322AD2B16A002DBC2C /* Empty_Window_Tests.swift */; };
		D0564B3B2AD2B48F002DBC2C /* Calculator.swift in Sources */ = {isa = PBXBuildFile; fileRef = D0564B3A2AD2B48F002DBC2C /* Calculator.swift */; };
		D0564B3D2AD2B527002DBC2C /* CalculatorTestCase.swift in Sources */ = {isa = PBXBuildFile; fileRef = D0564B3C2AD2B527002DBC2C /* CalculatorTestCase.swift */; };
		D0E8864F2A4EC794003B6E40 /* LocationDataManager.swift in Sources */ = {isa = PBXBuildFile; fileRef = D0E8864E2A4EC794003B6E40 /* LocationDataManager.swift */; };
/* End PBXBuildFile section */

/* Begin PBXContainerItemProxy section */
		D0564B342AD2B16A002DBC2C /* PBXContainerItemProxy */ = {
			isa = PBXContainerItemProxy;
			containerPortal = C82C8C9328B4EC7F00CBF5D7 /* Project object */;
			proxyType = 1;
			remoteGlobalIDString = C82C8C9A28B4EC7F00CBF5D7;
			remoteInfo = "Empty Window";
		};
/* End PBXContainerItemProxy section */

/* Begin PBXCopyFilesBuildPhase section */
		C47A56182DB660D900A26E26 /* Embed Frameworks */ = {
			isa = PBXCopyFilesBuildPhase;
			buildActionMask = 2147483647;
			dstPath = "";
			dstSubfolderSpec = 10;
			files = (
				C43152942DB749BB00E763D4 /* RemoteConfig.framework in Embed Frameworks */,
				C4A59D272DBBDF69004CFA72 /* ImageLoading.xcframework in Embed Frameworks */,
				C47A56172DB660D900A26E26 /* NetworkService.framework in Embed Frameworks */,
			);
			name = "Embed Frameworks";
			runOnlyForDeploymentPostprocessing = 0;
		};
		C4A59D582DBF6C6C004CFA72 /* Embed Frameworks */ = {
			isa = PBXCopyFilesBuildPhase;
			buildActionMask = 2147483647;
			dstPath = "";
			dstSubfolderSpec = 10;
			files = (
				C4A59D592DBF6C6C004CFA72 /* RemoteConfig.framework in Embed Frameworks */,
				C4A59D5A2DBF6C6C004CFA72 /* ImageLoading.xcframework in Embed Frameworks */,
				C4A59D5B2DBF6C6C004CFA72 /* NetworkService.framework in Embed Frameworks */,
			);
			name = "Embed Frameworks";
			runOnlyForDeploymentPostprocessing = 0;
		};
/* End PBXCopyFilesBuildPhase section */

/* Begin PBXFileReference section */
		12C4E502FD0BEC21F21D0ACD /* PaidDebug.xcconfig */ = {isa = PBXFileReference; includeInIndex = 1; lastKnownFileType = text.xcconfig; name = PaidDebug.xcconfig; path = "Empty Window/Configs/PaidDebug.xcconfig"; sourceTree = "<group>"; };
		14E1145AD4F42621237DB04D /* Pods-Empty Window Base-Empty Window.release.xcconfig */ = {isa = PBXFileReference; includeInIndex = 1; lastKnownFileType = text.xcconfig; name = "Pods-Empty Window Base-Empty Window.release.xcconfig"; path = "Target Support Files/Pods-Empty Window Base-Empty Window/Pods-Empty Window Base-Empty Window.release.xcconfig"; sourceTree = "<group>"; };
		197D44E350E3C641422859D0 /* Pods-EW-Empty Window.release.xcconfig */ = {isa = PBXFileReference; includeInIndex = 1; lastKnownFileType = text.xcconfig; name = "Pods-EW-Empty Window.release.xcconfig"; path = "Target Support Files/Pods-EW-Empty Window/Pods-EW-Empty Window.release.xcconfig"; sourceTree = "<group>"; };
		2C55BE2C8C7AF0B667748345 /* Pods-Empty Window Tests.debug.xcconfig */ = {isa = PBXFileReference; includeInIndex = 1; lastKnownFileType = text.xcconfig; name = "Pods-Empty Window Tests.debug.xcconfig"; path = "Target Support Files/Pods-Empty Window Tests/Pods-Empty Window Tests.debug.xcconfig"; sourceTree = "<group>"; };
		2DB9D8B20F11C994753EE020 /* PaidDebug.xcconfig */ = {isa = PBXFileReference; includeInIndex = 1; lastKnownFileType = text.xcconfig; name = PaidDebug.xcconfig; path = "Empty Window/Configs/PaidDebug.xcconfig"; sourceTree = "<group>"; };
		32ADA32686249727526E0A10 /* PaidRelease.xcconfig */ = {isa = PBXFileReference; includeInIndex = 1; lastKnownFileType = text.xcconfig; name = PaidRelease.xcconfig; path = "Empty Window/Configs/PaidRelease.xcconfig"; sourceTree = "<group>"; };
		33FD3FCF24C5C0D3407BC57E /* Pods-Empty Window Base-Empty Window Paid.debug.xcconfig */ = {isa = PBXFileReference; includeInIndex = 1; lastKnownFileType = text.xcconfig; name = "Pods-Empty Window Base-Empty Window Paid.debug.xcconfig"; path = "Target Support Files/Pods-Empty Window Base-Empty Window Paid/Pods-Empty Window Base-Empty Window Paid.debug.xcconfig"; sourceTree = "<group>"; };
		373B5C9EBF2030CC597B4514 /* Pods-Empty Window Base-Empty Window.debug.xcconfig */ = {isa = PBXFileReference; includeInIndex = 1; lastKnownFileType = text.xcconfig; name = "Pods-Empty Window Base-Empty Window.debug.xcconfig"; path = "Target Support Files/Pods-Empty Window Base-Empty Window/Pods-Empty Window Base-Empty Window.debug.xcconfig"; sourceTree = "<group>"; };
		4037579DD8B687A21D5D8ABB /* Pods-EW-Empty Window Paid.debug.xcconfig */ = {isa = PBXFileReference; includeInIndex = 1; lastKnownFileType = text.xcconfig; name = "Pods-EW-Empty Window Paid.debug.xcconfig"; path = "Target Support Files/Pods-EW-Empty Window Paid/Pods-EW-Empty Window Paid.debug.xcconfig"; sourceTree = "<group>"; };
		4983F2E3F732853BE33E3F7D /* Pods_Empty_Window_Tests.framework */ = {isa = PBXFileReference; explicitFileType = wrapper.framework; includeInIndex = 0; path = Pods_Empty_Window_Tests.framework; sourceTree = BUILT_PRODUCTS_DIR; };
		498A826CD6AAADE753B9E23C /* Pods_EW_Empty_Window.framework */ = {isa = PBXFileReference; explicitFileType = wrapper.framework; includeInIndex = 0; path = Pods_EW_Empty_Window.framework; sourceTree = BUILT_PRODUCTS_DIR; };
		4C44636FEC6681930E0CD159 /* Pods-EW-Empty Window Paid.release.xcconfig */ = {isa = PBXFileReference; includeInIndex = 1; lastKnownFileType = text.xcconfig; name = "Pods-EW-Empty Window Paid.release.xcconfig"; path = "Target Support Files/Pods-EW-Empty Window Paid/Pods-EW-Empty Window Paid.release.xcconfig"; sourceTree = "<group>"; };
		65CAA977FBB30BA1426541A8 /* FreeRelease.xcconfig */ = {isa = PBXFileReference; includeInIndex = 1; lastKnownFileType = text.xcconfig; name = FreeRelease.xcconfig; path = "Empty Window/Configs/FreeRelease.xcconfig"; sourceTree = "<group>"; };
		6B3EAB4E9C18D4A107523C18 /* PaidDebug.xcconfig */ = {isa = PBXFileReference; includeInIndex = 1; lastKnownFileType = text.xcconfig; name = PaidDebug.xcconfig; path = "Empty Window/Configs/PaidDebug.xcconfig"; sourceTree = "<group>"; };
		709EE9A6C48AF1E9FDF7AE33 /* FreeRelease.xcconfig */ = {isa = PBXFileReference; includeInIndex = 1; lastKnownFileType = text.xcconfig; name = FreeRelease.xcconfig; path = "Empty Window/Configs/FreeRelease.xcconfig"; sourceTree = "<group>"; };
		86B415DD2A7CF0C0D67E990A /* PaidDebug.xcconfig */ = {isa = PBXFileReference; includeInIndex = 1; lastKnownFileType = text.xcconfig; name = PaidDebug.xcconfig; path = "Empty Window/Configs/PaidDebug.xcconfig"; sourceTree = "<group>"; };
		99B1B69C2472FB0C13B4EBB5 /* Pods_EW_Empty_Window_Paid.framework */ = {isa = PBXFileReference; explicitFileType = wrapper.framework; includeInIndex = 0; path = Pods_EW_Empty_Window_Paid.framework; sourceTree = BUILT_PRODUCTS_DIR; };
		9A7618996F4D53E6124D4571 /* FreeDebug.xcconfig */ = {isa = PBXFileReference; includeInIndex = 1; lastKnownFileType = text.xcconfig; name = FreeDebug.xcconfig; path = "Empty Window/Configs/FreeDebug.xcconfig"; sourceTree = "<group>"; };
		BB1AE041921EEB2E8F3E083C /* PaidRelease.xcconfig */ = {isa = PBXFileReference; includeInIndex = 1; lastKnownFileType = text.xcconfig; name = PaidRelease.xcconfig; path = "Empty Window/Configs/PaidRelease.xcconfig"; sourceTree = "<group>"; };
		C43152922DB749BB00E763D4 /* RemoteConfig.framework */ = {isa = PBXFileReference; explicitFileType = wrapper.framework; path = RemoteConfig.framework; sourceTree = BUILT_PRODUCTS_DIR; };
		C43926022DAFCB78008088B0 /* generate_configs.sh */ = {isa = PBXFileReference; lastKnownFileType = text.script.sh; path = generate_configs.sh; sourceTree = "<group>"; };
		C45528972DC613F3000C0992 /* DashboardList.swift */ = {isa = PBXFileReference; lastKnownFileType = sourcecode.swift; path = DashboardList.swift; sourceTree = "<group>"; };
		C45528A12DD09D91000C0992 /* Paid.storyboard */ = {isa = PBXFileReference; lastKnownFileType = file.storyboard; path = Paid.storyboard; sourceTree = "<group>"; };
		C45528D32DD732E2000C0992 /* NetworkViewController.swift */ = {isa = PBXFileReference; lastKnownFileType = sourcecode.swift; path = NetworkViewController.swift; sourceTree = "<group>"; };
		C45528D62DD734DA000C0992 /* Alamofire.xcframework */ = {isa = PBXFileReference; lastKnownFileType = wrapper.xcframework; path = Alamofire.xcframework; sourceTree = "<group>"; };
		C47A56102DB384FB00A26E26 /* Configs.swift */ = {isa = PBXFileReference; lastKnownFileType = sourcecode.swift; path = Configs.swift; sourceTree = "<group>"; };
		C47A56132DB39F9100A26E26 /* WorkSpaceViewController.swift */ = {isa = PBXFileReference; lastKnownFileType = sourcecode.swift; path = WorkSpaceViewController.swift; sourceTree = "<group>"; };
		C47A56152DB660D900A26E26 /* NetworkService.framework */ = {isa = PBXFileReference; explicitFileType = wrapper.framework; path = NetworkService.framework; sourceTree = BUILT_PRODUCTS_DIR; };
		C47D0C862D96A0B5000900D2 /* DashboardViewController.swift */ = {isa = PBXFileReference; lastKnownFileType = sourcecode.swift; path = DashboardViewController.swift; sourceTree = "<group>"; };
		C47D0C882D96E93C000900D2 /* BuildInfoViewController.swift */ = {isa = PBXFileReference; lastKnownFileType = sourcecode.swift; path = BuildInfoViewController.swift; sourceTree = "<group>"; };
		C47D0C972D9AE2B8000900D2 /* Settings.swift */ = {isa = PBXFileReference; lastKnownFileType = sourcecode.swift; path = Settings.swift; sourceTree = "<group>"; };
		C49EF93D2D9AF0F500CCC432 /* Debug.xcconfig */ = {isa = PBXFileReference; lastKnownFileType = text.xcconfig; path = Debug.xcconfig; sourceTree = "<group>"; };
		C49EF93E2D9AF0F500CCC432 /* Release.xcconfig */ = {isa = PBXFileReference; lastKnownFileType = text.xcconfig; path = Release.xcconfig; sourceTree = "<group>"; };
		C4A59CEA2DB794A2004CFA72 /* libFeatureFlag.a */ = {isa = PBXFileReference; explicitFileType = archive.ar; path = libFeatureFlag.a; sourceTree = BUILT_PRODUCTS_DIR; };
		C4A59D1C2DB8FDA0004CFA72 /* ImageLoading.framework */ = {isa = PBXFileReference; explicitFileType = wrapper.framework; path = ImageLoading.framework; sourceTree = BUILT_PRODUCTS_DIR; };
		C4A59D252DBBDF69004CFA72 /* ImageLoading.xcframework */ = {isa = PBXFileReference; lastKnownFileType = wrapper.xcframework; name = ImageLoading.xcframework; path = ../NetworkService/xcframeworks/ImageLoading.xcframework; sourceTree = "<group>"; };
		C4A59D5F2DBF6C6C004CFA72 /* Paid-Debug-EW.app */ = {isa = PBXFileReference; explicitFileType = wrapper.application; includeInIndex = 0; path = "Paid-Debug-EW.app"; sourceTree = BUILT_PRODUCTS_DIR; };
		C4A59D622DBF75C0004CFA72 /* Paid-Info.plist */ = {isa = PBXFileReference; lastKnownFileType = text.plist.xml; path = "Paid-Info.plist"; sourceTree = "<group>"; };
		C4EE82C22D9D2E88008D82ED /* BuildInfos.swift */ = {isa = PBXFileReference; lastKnownFileType = sourcecode.swift; path = BuildInfos.swift; sourceTree = "<group>"; };
		C61855F89C5494C32CF734E8 /* Pods-EW-Empty Window.debug.xcconfig */ = {isa = PBXFileReference; includeInIndex = 1; lastKnownFileType = text.xcconfig; name = "Pods-EW-Empty Window.debug.xcconfig"; path = "Target Support Files/Pods-EW-Empty Window/Pods-EW-Empty Window.debug.xcconfig"; sourceTree = "<group>"; };
		C6947DB96BFD107E83A36593 /* FreeRelease.xcconfig */ = {isa = PBXFileReference; includeInIndex = 1; lastKnownFileType = text.xcconfig; name = FreeRelease.xcconfig; path = "Empty Window/Configs/FreeRelease.xcconfig"; sourceTree = "<group>"; };
		C821BDC5293523A200EE27BD /* Network.swift */ = {isa = PBXFileReference; lastKnownFileType = sourcecode.swift; path = Network.swift; sourceTree = "<group>"; };
		C82C8C9B28B4EC7F00CBF5D7 /* Free-Debug-EW.app */ = {isa = PBXFileReference; explicitFileType = wrapper.application; includeInIndex = 0; path = "Free-Debug-EW.app"; sourceTree = BUILT_PRODUCTS_DIR; };
		C82C8C9E28B4EC7F00CBF5D7 /* AppDelegate.swift */ = {isa = PBXFileReference; lastKnownFileType = sourcecode.swift; path = AppDelegate.swift; sourceTree = "<group>"; };
		C82C8CA028B4EC7F00CBF5D7 /* SceneDelegate.swift */ = {isa = PBXFileReference; lastKnownFileType = sourcecode.swift; path = SceneDelegate.swift; sourceTree = "<group>"; };
		C82C8CA228B4EC7F00CBF5D7 /* ViewController.swift */ = {isa = PBXFileReference; lastKnownFileType = sourcecode.swift; path = ViewController.swift; sourceTree = "<group>"; };
		C82C8CA528B4EC7F00CBF5D7 /* Base */ = {isa = PBXFileReference; lastKnownFileType = file.storyboard; name = Base; path = Base.lproj/Main.storyboard; sourceTree = "<group>"; };
		C82C8CA728B4EC8200CBF5D7 /* Assets.xcassets */ = {isa = PBXFileReference; lastKnownFileType = folder.assetcatalog; path = Assets.xcassets; sourceTree = "<group>"; };
		C82C8CAA28B4EC8200CBF5D7 /* Base */ = {isa = PBXFileReference; lastKnownFileType = file.storyboard; name = Base; path = Base.lproj/LaunchScreen.storyboard; sourceTree = "<group>"; };
		C82C8CAC28B4EC8200CBF5D7 /* Info.plist */ = {isa = PBXFileReference; lastKnownFileType = text.plist.xml; path = Info.plist; sourceTree = "<group>"; };
		CDD52F8D0E66F5C981743B2A /* PaidRelease.xcconfig */ = {isa = PBXFileReference; includeInIndex = 1; lastKnownFileType = text.xcconfig; name = PaidRelease.xcconfig; path = "Empty Window/Configs/PaidRelease.xcconfig"; sourceTree = "<group>"; };
		CE2863DC20E3D08761956800 /* FreeDebug.xcconfig */ = {isa = PBXFileReference; includeInIndex = 1; lastKnownFileType = text.xcconfig; name = FreeDebug.xcconfig; path = "Empty Window/Configs/FreeDebug.xcconfig"; sourceTree = "<group>"; };
		D0564B302AD2B16A002DBC2C /* Empty Window Tests.xctest */ = {isa = PBXFileReference; explicitFileType = wrapper.cfbundle; includeInIndex = 0; path = "Empty Window Tests.xctest"; sourceTree = BUILT_PRODUCTS_DIR; };
		D0564B322AD2B16A002DBC2C /* Empty_Window_Tests.swift */ = {isa = PBXFileReference; lastKnownFileType = sourcecode.swift; path = Empty_Window_Tests.swift; sourceTree = "<group>"; };
		D0564B3A2AD2B48F002DBC2C /* Calculator.swift */ = {isa = PBXFileReference; lastKnownFileType = sourcecode.swift; path = Calculator.swift; sourceTree = "<group>"; };
		D0564B3C2AD2B527002DBC2C /* CalculatorTestCase.swift */ = {isa = PBXFileReference; lastKnownFileType = sourcecode.swift; path = CalculatorTestCase.swift; sourceTree = "<group>"; };
		D0E8864E2A4EC794003B6E40 /* LocationDataManager.swift */ = {isa = PBXFileReference; lastKnownFileType = sourcecode.swift; path = LocationDataManager.swift; sourceTree = "<group>"; };
		D5EB1F7A693BCE3CB7F55856 /* FreeRelease.xcconfig */ = {isa = PBXFileReference; includeInIndex = 1; lastKnownFileType = text.xcconfig; name = FreeRelease.xcconfig; path = "Empty Window/Configs/FreeRelease.xcconfig"; sourceTree = "<group>"; };
		ED7DEDA97A5D2E793C225566 /* Pods-Empty Window Tests.release.xcconfig */ = {isa = PBXFileReference; includeInIndex = 1; lastKnownFileType = text.xcconfig; name = "Pods-Empty Window Tests.release.xcconfig"; path = "Target Support Files/Pods-Empty Window Tests/Pods-Empty Window Tests.release.xcconfig"; sourceTree = "<group>"; };
		FA2C2428BA517DBB144FC0E8 /* FreeDebug.xcconfig */ = {isa = PBXFileReference; includeInIndex = 1; lastKnownFileType = text.xcconfig; name = FreeDebug.xcconfig; path = "Empty Window/Configs/FreeDebug.xcconfig"; sourceTree = "<group>"; };
		FBDA56C79B2C3F40926CB4C6 /* Pods-Empty Window Base-Empty Window Paid.release.xcconfig */ = {isa = PBXFileReference; includeInIndex = 1; lastKnownFileType = text.xcconfig; name = "Pods-Empty Window Base-Empty Window Paid.release.xcconfig"; path = "Target Support Files/Pods-Empty Window Base-Empty Window Paid/Pods-Empty Window Base-Empty Window Paid.release.xcconfig"; sourceTree = "<group>"; };
		FC9B521309178608B70304D0 /* PaidRelease.xcconfig */ = {isa = PBXFileReference; includeInIndex = 1; lastKnownFileType = text.xcconfig; name = PaidRelease.xcconfig; path = "Empty Window/Configs/PaidRelease.xcconfig"; sourceTree = "<group>"; };
		FCE231AE37A87C92BB262BDD /* FreeDebug.xcconfig */ = {isa = PBXFileReference; includeInIndex = 1; lastKnownFileType = text.xcconfig; name = FreeDebug.xcconfig; path = "Empty Window/Configs/FreeDebug.xcconfig"; sourceTree = "<group>"; };
/* End PBXFileReference section */

/* Begin PBXFileSystemSynchronizedBuildFileExceptionSet section */
		C4A59D602DBF6C6C004CFA72 /* Exceptions for "Configs" folder in "Empty Window Paid" target */ = {
			isa = PBXFileSystemSynchronizedBuildFileExceptionSet;
			membershipExceptions = (
				Base.xcconfig,
				Debug.env,
				FreeDebug.xcconfig,
				FreeRelease.xcconfig,
				PaidDebug.xcconfig,
				PaidRelease.xcconfig,
				Release.env,
			);
			target = C4A59D3F2DBF6C6C004CFA72 /* Empty Window Paid */;
		};
		C4EE82C12D9D18CD008D82ED /* Exceptions for "Configs" folder in "Empty Window" target */ = {
			isa = PBXFileSystemSynchronizedBuildFileExceptionSet;
			membershipExceptions = (
				FreeDebug.xcconfig,
				FreeRelease.xcconfig,
			);
			target = C82C8C9A28B4EC7F00CBF5D7 /* Empty Window */;
		};
/* End PBXFileSystemSynchronizedBuildFileExceptionSet section */

/* Begin PBXFileSystemSynchronizedRootGroup section */
		C455288A2DC2530E000C0992 /* CollectionView */ = {
			isa = PBXFileSystemSynchronizedRootGroup;
			exceptions = (
			);
			path = CollectionView;
			sourceTree = "<group>";
		};
		C455289A2DCA0492000C0992 /* Ui */ = {
			isa = PBXFileSystemSynchronizedRootGroup;
			exceptions = (
			);
			path = Ui;
			sourceTree = "<group>";
		};
		C45528A32DD0BBF8000C0992 /* Paid */ = {
			isa = PBXFileSystemSynchronizedRootGroup;
			exceptions = (
			);
			path = Paid;
			sourceTree = "<group>";
		};
		C47D0C8D2D9AAFEC000900D2 /* Configs */ = {
			isa = PBXFileSystemSynchronizedRootGroup;
			exceptions = (
				C4EE82C12D9D18CD008D82ED /* Exceptions for "Configs" folder in "Empty Window" target */,
				C4A59D602DBF6C6C004CFA72 /* Exceptions for "Configs" folder in "Empty Window Paid" target */,
			);
			path = Configs;
			sourceTree = "<group>";
		};
/* End PBXFileSystemSynchronizedRootGroup section */

/* Begin PBXFrameworksBuildPhase section */
		C4A59D4E2DBF6C6C004CFA72 /* Frameworks */ = {
			isa = PBXFrameworksBuildPhase;
			buildActionMask = 2147483647;
			files = (
				C45528D72DD734DA000C0992 /* Alamofire.xcframework in Frameworks */,
				C4A59D4F2DBF6C6C004CFA72 /* ImageLoading.xcframework in Frameworks */,
				C4A59D502DBF6C6C004CFA72 /* RemoteConfig.framework in Frameworks */,
				C4A59D512DBF6C6C004CFA72 /* libFeatureFlag.a in Frameworks */,
				C4A59D522DBF6C6C004CFA72 /* NetworkService.framework in Frameworks */,
				1761F2DFBCACF1881E66A817 /* Pods_EW_Empty_Window_Paid.framework in Frameworks */,
			);
			runOnlyForDeploymentPostprocessing = 0;
		};
		C82C8C9828B4EC7F00CBF5D7 /* Frameworks */ = {
			isa = PBXFrameworksBuildPhase;
			buildActionMask = 2147483647;
			files = (
				C45528D92DD73868000C0992 /* Alamofire.xcframework in Frameworks */,
				C4A59D262DBBDF69004CFA72 /* ImageLoading.xcframework in Frameworks */,
				C43152932DB749BB00E763D4 /* RemoteConfig.framework in Frameworks */,
				C4A59CEB2DB794A2004CFA72 /* libFeatureFlag.a in Frameworks */,
				C47A56162DB660D900A26E26 /* NetworkService.framework in Frameworks */,
				2B0641D5F29286F29A9A6905 /* Pods_EW_Empty_Window.framework in Frameworks */,
			);
			runOnlyForDeploymentPostprocessing = 0;
		};
		D0564B2D2AD2B16A002DBC2C /* Frameworks */ = {
			isa = PBXFrameworksBuildPhase;
			buildActionMask = 2147483647;
			files = (
				CFEDD111C8351FB5D9EF31F6 /* Pods_Empty_Window_Tests.framework in Frameworks */,
			);
			runOnlyForDeploymentPostprocessing = 0;
		};
/* End PBXFrameworksBuildPhase section */

/* Begin PBXGroup section */
		C47442EB2D9AF22E00BEF3A7 /* Recovered References */ = {
			isa = PBXGroup;
			children = (
				C49EF93D2D9AF0F500CCC432 /* Debug.xcconfig */,
				C49EF93E2D9AF0F500CCC432 /* Release.xcconfig */,
			);
			name = "Recovered References";
			sourceTree = "<group>";
		};
		C47A56122DB39F6700A26E26 /* WorkSpace */ = {
			isa = PBXGroup;
			children = (
				C47A56132DB39F9100A26E26 /* WorkSpaceViewController.swift */,
			);
			path = WorkSpace;
			sourceTree = "<group>";
		};
		C47D0C852D96A09C000900D2 /* Main */ = {
			isa = PBXGroup;
			children = (
				C47D0C862D96A0B5000900D2 /* DashboardViewController.swift */,
				C47D0C882D96E93C000900D2 /* BuildInfoViewController.swift */,
				C4EE82C22D9D2E88008D82ED /* BuildInfos.swift */,
				C45528972DC613F3000C0992 /* DashboardList.swift */,
			);
			path = Main;
			sourceTree = "<group>";
		};
		C47D0C942D9AE272000900D2 /* Base */ = {
			isa = PBXGroup;
			children = (
				C47A56102DB384FB00A26E26 /* Configs.swift */,
				C43926022DAFCB78008088B0 /* generate_configs.sh */,
				C47D0C972D9AE2B8000900D2 /* Settings.swift */,
			);
			path = Base;
			sourceTree = "<group>";
		};
		C821BDC42935238E00EE27BD /* Network */ = {
			isa = PBXGroup;
			children = (
				C821BDC5293523A200EE27BD /* Network.swift */,
				C45528D32DD732E2000C0992 /* NetworkViewController.swift */,
			);
			name = Network;
			sourceTree = "<group>";
		};
		C82C8C9228B4EC7F00CBF5D7 = {
			isa = PBXGroup;
			children = (
				C82C8C9D28B4EC7F00CBF5D7 /* Empty Window */,
				C82C8C9C28B4EC7F00CBF5D7 /* Products */,
				C8E1E3EF294B7FB400BA2E54 /* Frameworks */,
				C47442EB2D9AF22E00BEF3A7 /* Recovered References */,
				F5D0B43F1EF28A5A7F28DD34 /* Pods */,
				FCE231AE37A87C92BB262BDD /* FreeDebug.xcconfig */,
				D5EB1F7A693BCE3CB7F55856 /* FreeRelease.xcconfig */,
				12C4E502FD0BEC21F21D0ACD /* PaidDebug.xcconfig */,
				CDD52F8D0E66F5C981743B2A /* PaidRelease.xcconfig */,
				FA2C2428BA517DBB144FC0E8 /* FreeDebug.xcconfig */,
				C6947DB96BFD107E83A36593 /* FreeRelease.xcconfig */,
				86B415DD2A7CF0C0D67E990A /* PaidDebug.xcconfig */,
				FC9B521309178608B70304D0 /* PaidRelease.xcconfig */,
				CE2863DC20E3D08761956800 /* FreeDebug.xcconfig */,
				709EE9A6C48AF1E9FDF7AE33 /* FreeRelease.xcconfig */,
				2DB9D8B20F11C994753EE020 /* PaidDebug.xcconfig */,
				BB1AE041921EEB2E8F3E083C /* PaidRelease.xcconfig */,
				9A7618996F4D53E6124D4571 /* FreeDebug.xcconfig */,
				65CAA977FBB30BA1426541A8 /* FreeRelease.xcconfig */,
				6B3EAB4E9C18D4A107523C18 /* PaidDebug.xcconfig */,
				32ADA32686249727526E0A10 /* PaidRelease.xcconfig */,
			);
			sourceTree = "<group>";
		};
		C82C8C9C28B4EC7F00CBF5D7 /* Products */ = {
			isa = PBXGroup;
			children = (
				C82C8C9B28B4EC7F00CBF5D7 /* Free-Debug-EW.app */,
				D0564B302AD2B16A002DBC2C /* Empty Window Tests.xctest */,
				C4A59D5F2DBF6C6C004CFA72 /* Paid-Debug-EW.app */,
			);
			name = Products;
			sourceTree = "<group>";
		};
		C82C8C9D28B4EC7F00CBF5D7 /* Empty Window */ = {
			isa = PBXGroup;
			children = (
				C45528A32DD0BBF8000C0992 /* Paid */,
				C455289A2DCA0492000C0992 /* Ui */,
				C455288A2DC2530E000C0992 /* CollectionView */,
				C47A56122DB39F6700A26E26 /* WorkSpace */,
				C47D0C942D9AE272000900D2 /* Base */,
				C47D0C8D2D9AAFEC000900D2 /* Configs */,
				C47D0C852D96A09C000900D2 /* Main */,
				D0564B392AD2B411002DBC2C /* Data */,
				D0E8864D2A4EC784003B6E40 /* Location */,
				C821BDC42935238E00EE27BD /* Network */,
				C82C8C9E28B4EC7F00CBF5D7 /* AppDelegate.swift */,
				C82C8CA028B4EC7F00CBF5D7 /* SceneDelegate.swift */,
				C82C8CA228B4EC7F00CBF5D7 /* ViewController.swift */,
				C82C8CA428B4EC7F00CBF5D7 /* Main.storyboard */,
				C45528A12DD09D91000C0992 /* Paid.storyboard */,
				C82C8CA728B4EC8200CBF5D7 /* Assets.xcassets */,
				C82C8CA928B4EC8200CBF5D7 /* LaunchScreen.storyboard */,
				C82C8CAC28B4EC8200CBF5D7 /* Info.plist */,
				C4A59D622DBF75C0004CFA72 /* Paid-Info.plist */,
				D0564B312AD2B16A002DBC2C /* Empty Window Tests */,
			);
			path = "Empty Window";
			sourceTree = "<group>";
		};
		C8E1E3EF294B7FB400BA2E54 /* Frameworks */ = {
			isa = PBXGroup;
			children = (
				C45528D62DD734DA000C0992 /* Alamofire.xcframework */,
				C4A59D252DBBDF69004CFA72 /* ImageLoading.xcframework */,
				C4A59D1C2DB8FDA0004CFA72 /* ImageLoading.framework */,
				C4A59CEA2DB794A2004CFA72 /* libFeatureFlag.a */,
				C43152922DB749BB00E763D4 /* RemoteConfig.framework */,
				C47A56152DB660D900A26E26 /* NetworkService.framework */,
				4983F2E3F732853BE33E3F7D /* Pods_Empty_Window_Tests.framework */,
				498A826CD6AAADE753B9E23C /* Pods_EW_Empty_Window.framework */,
				99B1B69C2472FB0C13B4EBB5 /* Pods_EW_Empty_Window_Paid.framework */,
			);
			name = Frameworks;
			sourceTree = "<group>";
		};
		D0564B312AD2B16A002DBC2C /* Empty Window Tests */ = {
			isa = PBXGroup;
			children = (
				D0564B322AD2B16A002DBC2C /* Empty_Window_Tests.swift */,
				D0564B3E2AD2B531002DBC2C /* Data */,
			);
			path = "Empty Window Tests";
			sourceTree = "<group>";
		};
		D0564B392AD2B411002DBC2C /* Data */ = {
			isa = PBXGroup;
			children = (
				D0564B3A2AD2B48F002DBC2C /* Calculator.swift */,
			);
			path = Data;
			sourceTree = "<group>";
		};
		D0564B3E2AD2B531002DBC2C /* Data */ = {
			isa = PBXGroup;
			children = (
				D0564B3C2AD2B527002DBC2C /* CalculatorTestCase.swift */,
			);
			path = Data;
			sourceTree = "<group>";
		};
		D0E8864D2A4EC784003B6E40 /* Location */ = {
			isa = PBXGroup;
			children = (
				D0E8864E2A4EC794003B6E40 /* LocationDataManager.swift */,
			);
			path = Location;
			sourceTree = "<group>";
		};
		F5D0B43F1EF28A5A7F28DD34 /* Pods */ = {
			isa = PBXGroup;
			children = (
				373B5C9EBF2030CC597B4514 /* Pods-Empty Window Base-Empty Window.debug.xcconfig */,
				14E1145AD4F42621237DB04D /* Pods-Empty Window Base-Empty Window.release.xcconfig */,
				33FD3FCF24C5C0D3407BC57E /* Pods-Empty Window Base-Empty Window Paid.debug.xcconfig */,
				FBDA56C79B2C3F40926CB4C6 /* Pods-Empty Window Base-Empty Window Paid.release.xcconfig */,
				2C55BE2C8C7AF0B667748345 /* Pods-Empty Window Tests.debug.xcconfig */,
				ED7DEDA97A5D2E793C225566 /* Pods-Empty Window Tests.release.xcconfig */,
				C61855F89C5494C32CF734E8 /* Pods-EW-Empty Window.debug.xcconfig */,
				197D44E350E3C641422859D0 /* Pods-EW-Empty Window.release.xcconfig */,
				4037579DD8B687A21D5D8ABB /* Pods-EW-Empty Window Paid.debug.xcconfig */,
				4C44636FEC6681930E0CD159 /* Pods-EW-Empty Window Paid.release.xcconfig */,
			);
			name = Pods;
			path = ../Pods;
			sourceTree = "<group>";
		};
/* End PBXGroup section */

/* Begin PBXNativeTarget section */
		C4A59D3F2DBF6C6C004CFA72 /* Empty Window Paid */ = {
			isa = PBXNativeTarget;
			buildConfigurationList = C4A59D5C2DBF6C6C004CFA72 /* Build configuration list for PBXNativeTarget "Empty Window Paid" */;
			buildPhases = (
				55725F653F5006502394E31C /* [CP] Check Pods Manifest.lock */,
				C4A59D402DBF6C6C004CFA72 /* ShellScript */,
				C4A59D412DBF6C6C004CFA72 /* Sources */,
				C4A59D4E2DBF6C6C004CFA72 /* Frameworks */,
				C4A59D532DBF6C6C004CFA72 /* Resources */,
				C4A59D582DBF6C6C004CFA72 /* Embed Frameworks */,
				78C12C6CE0D65FAAAE55142E /* [CP] Embed Pods Frameworks */,
			);
			buildRules = (
			);
			dependencies = (
			);
			fileSystemSynchronizedGroups = (
				C455288A2DC2530E000C0992 /* CollectionView */,
				C455289A2DCA0492000C0992 /* Ui */,
				C45528A32DD0BBF8000C0992 /* Paid */,
				C47D0C8D2D9AAFEC000900D2 /* Configs */,
			);
			name = "Empty Window Paid";
			productName = "Empty Window";
			productReference = C4A59D5F2DBF6C6C004CFA72 /* Paid-Debug-EW.app */;
			productType = "com.apple.product-type.application";
		};
		C82C8C9A28B4EC7F00CBF5D7 /* Empty Window */ = {
			isa = PBXNativeTarget;
			buildConfigurationList = C82C8CAF28B4EC8200CBF5D7 /* Build configuration list for PBXNativeTarget "Empty Window" */;
			buildPhases = (
				56F05264C0F589AA60578D65 /* [CP] Check Pods Manifest.lock */,
				C40DE5902DB2498800C72257 /* ShellScript */,
				C82C8C9728B4EC7F00CBF5D7 /* Sources */,
				C82C8C9828B4EC7F00CBF5D7 /* Frameworks */,
				C82C8C9928B4EC7F00CBF5D7 /* Resources */,
				C47A56182DB660D900A26E26 /* Embed Frameworks */,
				61CA20B765E83716EAE26EC3 /* [CP] Embed Pods Frameworks */,
			);
			buildRules = (
			);
			dependencies = (
			);
			fileSystemSynchronizedGroups = (
				C455288A2DC2530E000C0992 /* CollectionView */,
				C455289A2DCA0492000C0992 /* Ui */,
				C45528A32DD0BBF8000C0992 /* Paid */,
				C47D0C8D2D9AAFEC000900D2 /* Configs */,
			);
			name = "Empty Window";
			productName = "Empty Window";
			productReference = C82C8C9B28B4EC7F00CBF5D7 /* Free-Debug-EW.app */;
			productType = "com.apple.product-type.application";
		};
		D0564B2F2AD2B16A002DBC2C /* Empty Window Tests */ = {
			isa = PBXNativeTarget;
			buildConfigurationList = D0564B382AD2B16A002DBC2C /* Build configuration list for PBXNativeTarget "Empty Window Tests" */;
			buildPhases = (
				E6D2DE91E8F91026F3BD4045 /* [CP] Check Pods Manifest.lock */,
				D0564B2C2AD2B16A002DBC2C /* Sources */,
				D0564B2D2AD2B16A002DBC2C /* Frameworks */,
				D0564B2E2AD2B16A002DBC2C /* Resources */,
			);
			buildRules = (
			);
			dependencies = (
				D0564B352AD2B16A002DBC2C /* PBXTargetDependency */,
			);
			name = "Empty Window Tests";
			productName = "Empty Window Tests";
			productReference = D0564B302AD2B16A002DBC2C /* Empty Window Tests.xctest */;
			productType = "com.apple.product-type.bundle.unit-test";
		};
/* End PBXNativeTarget section */

/* Begin PBXProject section */
		C82C8C9328B4EC7F00CBF5D7 /* Project object */ = {
			isa = PBXProject;
			attributes = {
				BuildIndependentTargetsInParallel = 1;
				LastSwiftUpdateCheck = 1430;
				LastUpgradeCheck = 1620;
				TargetAttributes = {
					C82C8C9A28B4EC7F00CBF5D7 = {
						CreatedOnToolsVersion = 13.4.1;
					};
					D0564B2F2AD2B16A002DBC2C = {
						CreatedOnToolsVersion = 14.3.1;
						TestTargetID = C82C8C9A28B4EC7F00CBF5D7;
					};
				};
			};
			buildConfigurationList = C82C8C9628B4EC7F00CBF5D7 /* Build configuration list for PBXProject "Empty Window" */;
			developmentRegion = en;
			hasScannedForEncodings = 0;
			knownRegions = (
				en,
				Base,
			);
			mainGroup = C82C8C9228B4EC7F00CBF5D7;
			preferredProjectObjectVersion = 77;
			productRefGroup = C82C8C9C28B4EC7F00CBF5D7 /* Products */;
			projectDirPath = "";
			projectRoot = "";
			targets = (
				C82C8C9A28B4EC7F00CBF5D7 /* Empty Window */,
				D0564B2F2AD2B16A002DBC2C /* Empty Window Tests */,
				C4A59D3F2DBF6C6C004CFA72 /* Empty Window Paid */,
			);
		};
/* End PBXProject section */

/* Begin PBXResourcesBuildPhase section */
		C4A59D532DBF6C6C004CFA72 /* Resources */ = {
			isa = PBXResourcesBuildPhase;
			buildActionMask = 2147483647;
			files = (
				C45528A22DD09D91000C0992 /* Paid.storyboard in Resources */,
				C4A59D542DBF6C6C004CFA72 /* LaunchScreen.storyboard in Resources */,
				C4A59D552DBF6C6C004CFA72 /* generate_configs.sh in Resources */,
				C4A59D562DBF6C6C004CFA72 /* Assets.xcassets in Resources */,
				C4A59D572DBF6C6C004CFA72 /* Main.storyboard in Resources */,
			);
			runOnlyForDeploymentPostprocessing = 0;
		};
		C82C8C9928B4EC7F00CBF5D7 /* Resources */ = {
			isa = PBXResourcesBuildPhase;
			buildActionMask = 2147483647;
			files = (
				C82C8CAB28B4EC8200CBF5D7 /* LaunchScreen.storyboard in Resources */,
				C43926032DAFCB89008088B0 /* generate_configs.sh in Resources */,
				C82C8CA828B4EC8200CBF5D7 /* Assets.xcassets in Resources */,
				C82C8CA628B4EC7F00CBF5D7 /* Main.storyboard in Resources */,
			);
			runOnlyForDeploymentPostprocessing = 0;
		};
		D0564B2E2AD2B16A002DBC2C /* Resources */ = {
			isa = PBXResourcesBuildPhase;
			buildActionMask = 2147483647;
			files = (
			);
			runOnlyForDeploymentPostprocessing = 0;
		};
/* End PBXResourcesBuildPhase section */

/* Begin PBXShellScriptBuildPhase section */
		55725F653F5006502394E31C /* [CP] Check Pods Manifest.lock */ = {
			isa = PBXShellScriptBuildPhase;
			buildActionMask = 2147483647;
			files = (
			);
			inputFileListPaths = (
			);
			inputPaths = (
				"${PODS_PODFILE_DIR_PATH}/Podfile.lock",
				"${PODS_ROOT}/Manifest.lock",
			);
			name = "[CP] Check Pods Manifest.lock";
			outputFileListPaths = (
			);
			outputPaths = (
				"$(DERIVED_FILE_DIR)/Pods-EW-Empty Window Paid-checkManifestLockResult.txt",
			);
			runOnlyForDeploymentPostprocessing = 0;
			shellPath = /bin/sh;
			shellScript = "diff \"${PODS_PODFILE_DIR_PATH}/Podfile.lock\" \"${PODS_ROOT}/Manifest.lock\" > /dev/null\nif [ $? != 0 ] ; then\n    # print error to STDERR\n    echo \"error: The sandbox is not in sync with the Podfile.lock. Run 'pod install' or update your CocoaPods installation.\" >&2\n    exit 1\nfi\n# This output is used by Xcode 'outputs' to avoid re-running this script phase.\necho \"SUCCESS\" > \"${SCRIPT_OUTPUT_FILE_0}\"\n";
			showEnvVarsInLog = 0;
		};
		56F05264C0F589AA60578D65 /* [CP] Check Pods Manifest.lock */ = {
			isa = PBXShellScriptBuildPhase;
			buildActionMask = 2147483647;
			files = (
			);
			inputFileListPaths = (
			);
			inputPaths = (
				"${PODS_PODFILE_DIR_PATH}/Podfile.lock",
				"${PODS_ROOT}/Manifest.lock",
			);
			name = "[CP] Check Pods Manifest.lock";
			outputFileListPaths = (
			);
			outputPaths = (
				"$(DERIVED_FILE_DIR)/Pods-EW-Empty Window-checkManifestLockResult.txt",
			);
			runOnlyForDeploymentPostprocessing = 0;
			shellPath = /bin/sh;
			shellScript = "diff \"${PODS_PODFILE_DIR_PATH}/Podfile.lock\" \"${PODS_ROOT}/Manifest.lock\" > /dev/null\nif [ $? != 0 ] ; then\n    # print error to STDERR\n    echo \"error: The sandbox is not in sync with the Podfile.lock. Run 'pod install' or update your CocoaPods installation.\" >&2\n    exit 1\nfi\n# This output is used by Xcode 'outputs' to avoid re-running this script phase.\necho \"SUCCESS\" > \"${SCRIPT_OUTPUT_FILE_0}\"\n";
			showEnvVarsInLog = 0;
		};
		61CA20B765E83716EAE26EC3 /* [CP] Embed Pods Frameworks */ = {
			isa = PBXShellScriptBuildPhase;
			buildActionMask = 2147483647;
			files = (
			);
			inputFileListPaths = (
				"${PODS_ROOT}/Target Support Files/Pods-EW-Empty Window/Pods-EW-Empty Window-frameworks-${CONFIGURATION}-input-files.xcfilelist",
			);
			name = "[CP] Embed Pods Frameworks";
			outputFileListPaths = (
				"${PODS_ROOT}/Target Support Files/Pods-EW-Empty Window/Pods-EW-Empty Window-frameworks-${CONFIGURATION}-output-files.xcfilelist",
			);
			runOnlyForDeploymentPostprocessing = 0;
			shellPath = /bin/sh;
			shellScript = "\"${PODS_ROOT}/Target Support Files/Pods-EW-Empty Window/Pods-EW-Empty Window-frameworks.sh\"\n";
			showEnvVarsInLog = 0;
		};
		78C12C6CE0D65FAAAE55142E /* [CP] Embed Pods Frameworks */ = {
			isa = PBXShellScriptBuildPhase;
			buildActionMask = 2147483647;
			files = (
			);
			inputFileListPaths = (
				"${PODS_ROOT}/Target Support Files/Pods-EW-Empty Window Paid/Pods-EW-Empty Window Paid-frameworks-${CONFIGURATION}-input-files.xcfilelist",
			);
			name = "[CP] Embed Pods Frameworks";
			outputFileListPaths = (
				"${PODS_ROOT}/Target Support Files/Pods-EW-Empty Window Paid/Pods-EW-Empty Window Paid-frameworks-${CONFIGURATION}-output-files.xcfilelist",
			);
			runOnlyForDeploymentPostprocessing = 0;
			shellPath = /bin/sh;
			shellScript = "\"${PODS_ROOT}/Target Support Files/Pods-EW-Empty Window Paid/Pods-EW-Empty Window Paid-frameworks.sh\"\n";
			showEnvVarsInLog = 0;
		};
		C40DE5902DB2498800C72257 /* ShellScript */ = {
			isa = PBXShellScriptBuildPhase;
			buildActionMask = 2147483647;
			files = (
			);
			inputFileListPaths = (
			);
			inputPaths = (
				"${SRCROOT}/Empty Window/Configs/Debug.env",
				"${SRCROOT}/Empty Window/Configs/Release.env",
			);
			outputFileListPaths = (
			);
			outputPaths = (
				"${SRCROOT}/Empty Window/Base/Congifs.swift",
			);
			runOnlyForDeploymentPostprocessing = 0;
			shellPath = /bin/sh;
			shellScript = "\"${SRCROOT}/Empty Window/Base/generate_configs.sh\"\n";
		};
		C4A59D402DBF6C6C004CFA72 /* ShellScript */ = {
			isa = PBXShellScriptBuildPhase;
			buildActionMask = 2147483647;
			files = (
			);
			inputFileListPaths = (
			);
			inputPaths = (
				"${SRCROOT}/Empty Window/Configs/Debug.env",
				"${SRCROOT}/Empty Window/Configs/Release.env",
			);
			outputFileListPaths = (
			);
			outputPaths = (
				"${SRCROOT}/Empty Window/Base/Congifs.swift",
			);
			runOnlyForDeploymentPostprocessing = 0;
			shellPath = /bin/sh;
			shellScript = "\"${SRCROOT}/Empty Window/Base/generate_configs.sh\"\n";
		};
		E6D2DE91E8F91026F3BD4045 /* [CP] Check Pods Manifest.lock */ = {
			isa = PBXShellScriptBuildPhase;
			buildActionMask = 2147483647;
			files = (
			);
			inputFileListPaths = (
			);
			inputPaths = (
				"${PODS_PODFILE_DIR_PATH}/Podfile.lock",
				"${PODS_ROOT}/Manifest.lock",
			);
			name = "[CP] Check Pods Manifest.lock";
			outputFileListPaths = (
			);
			outputPaths = (
				"$(DERIVED_FILE_DIR)/Pods-Empty Window Tests-checkManifestLockResult.txt",
			);
			runOnlyForDeploymentPostprocessing = 0;
			shellPath = /bin/sh;
			shellScript = "diff \"${PODS_PODFILE_DIR_PATH}/Podfile.lock\" \"${PODS_ROOT}/Manifest.lock\" > /dev/null\nif [ $? != 0 ] ; then\n    # print error to STDERR\n    echo \"error: The sandbox is not in sync with the Podfile.lock. Run 'pod install' or update your CocoaPods installation.\" >&2\n    exit 1\nfi\n# This output is used by Xcode 'outputs' to avoid re-running this script phase.\necho \"SUCCESS\" > \"${SCRIPT_OUTPUT_FILE_0}\"\n";
			showEnvVarsInLog = 0;
		};
/* End PBXShellScriptBuildPhase section */

/* Begin PBXSourcesBuildPhase section */
		C4A59D412DBF6C6C004CFA72 /* Sources */ = {
			isa = PBXSourcesBuildPhase;
			buildActionMask = 2147483647;
			files = (
				C4A59D422DBF6C6C004CFA72 /* ViewController.swift in Sources */,
				C4A59D432DBF6C6C004CFA72 /* DashboardViewController.swift in Sources */,
				C4A59D442DBF6C6C004CFA72 /* WorkSpaceViewController.swift in Sources */,
				C4A59D452DBF6C6C004CFA72 /* AppDelegate.swift in Sources */,
				C4A59D462DBF6C6C004CFA72 /* BuildInfoViewController.swift in Sources */,
				C45528982DC613F3000C0992 /* DashboardList.swift in Sources */,
				C4A59D472DBF6C6C004CFA72 /* Settings.swift in Sources */,
				C4A59D482DBF6C6C004CFA72 /* Network.swift in Sources */,
				C4A59D492DBF6C6C004CFA72 /* BuildInfos.swift in Sources */,
				C45528D52DD732E2000C0992 /* NetworkViewController.swift in Sources */,
				C4A59D4A2DBF6C6C004CFA72 /* SceneDelegate.swift in Sources */,
				C4A59D4B2DBF6C6C004CFA72 /* LocationDataManager.swift in Sources */,
				C4A59D4C2DBF6C6C004CFA72 /* Calculator.swift in Sources */,
				C4A59D4D2DBF6C6C004CFA72 /* Configs.swift in Sources */,
			);
			runOnlyForDeploymentPostprocessing = 0;
		};
		C82C8C9728B4EC7F00CBF5D7 /* Sources */ = {
			isa = PBXSourcesBuildPhase;
			buildActionMask = 2147483647;
			files = (
				C82C8CA328B4EC7F00CBF5D7 /* ViewController.swift in Sources */,
				C47D0C872D96A0B5000900D2 /* DashboardViewController.swift in Sources */,
				C47A56142DB39F9100A26E26 /* WorkSpaceViewController.swift in Sources */,
				C82C8C9F28B4EC7F00CBF5D7 /* AppDelegate.swift in Sources */,
				C47D0C892D96E93C000900D2 /* BuildInfoViewController.swift in Sources */,
				C45528992DC613F3000C0992 /* DashboardList.swift in Sources */,
				C47D0C982D9AE2B8000900D2 /* Settings.swift in Sources */,
				C821BDC6293523A200EE27BD /* Network.swift in Sources */,
				C4EE82C32D9D2E88008D82ED /* BuildInfos.swift in Sources */,
				C45528D42DD732E2000C0992 /* NetworkViewController.swift in Sources */,
				C82C8CA128B4EC7F00CBF5D7 /* SceneDelegate.swift in Sources */,
				D0E8864F2A4EC794003B6E40 /* LocationDataManager.swift in Sources */,
				D0564B3B2AD2B48F002DBC2C /* Calculator.swift in Sources */,
				C47A56112DB384FB00A26E26 /* Configs.swift in Sources */,
			);
			runOnlyForDeploymentPostprocessing = 0;
		};
		D0564B2C2AD2B16A002DBC2C /* Sources */ = {
			isa = PBXSourcesBuildPhase;
			buildActionMask = 2147483647;
			files = (
				D0564B332AD2B16A002DBC2C /* Empty_Window_Tests.swift in Sources */,
				D0564B3D2AD2B527002DBC2C /* CalculatorTestCase.swift in Sources */,
			);
			runOnlyForDeploymentPostprocessing = 0;
		};
/* End PBXSourcesBuildPhase section */

/* Begin PBXTargetDependency section */
		D0564B352AD2B16A002DBC2C /* PBXTargetDependency */ = {
			isa = PBXTargetDependency;
			target = C82C8C9A28B4EC7F00CBF5D7 /* Empty Window */;
			targetProxy = D0564B342AD2B16A002DBC2C /* PBXContainerItemProxy */;
		};
/* End PBXTargetDependency section */

/* Begin PBXVariantGroup section */
		C82C8CA428B4EC7F00CBF5D7 /* Main.storyboard */ = {
			isa = PBXVariantGroup;
			children = (
				C82C8CA528B4EC7F00CBF5D7 /* Base */,
			);
			name = Main.storyboard;
			sourceTree = "<group>";
		};
		C82C8CA928B4EC8200CBF5D7 /* LaunchScreen.storyboard */ = {
			isa = PBXVariantGroup;
			children = (
				C82C8CAA28B4EC8200CBF5D7 /* Base */,
			);
			name = LaunchScreen.storyboard;
			sourceTree = "<group>";
		};
/* End PBXVariantGroup section */

/* Begin XCBuildConfiguration section */
		C4A59D5D2DBF6C6C004CFA72 /* Debug */ = {
			isa = XCBuildConfiguration;
			baseConfigurationReference = 12C4E502FD0BEC21F21D0ACD /* PaidDebug.xcconfig */;
			buildSettings = {
				ASSETCATALOG_COMPILER_APPICON_NAME = AppIcon;
				ASSETCATALOG_COMPILER_GLOBAL_ACCENT_COLOR_NAME = AccentColor;
				CODE_SIGN_ENTITLEMENTS = "Empty Window/Empty WindowDebug.entitlements";
				CODE_SIGN_IDENTITY = "Apple Development";
				CODE_SIGN_STYLE = Manual;
				CURRENT_PROJECT_VERSION = 1;
				DEVELOPMENT_TEAM = "";
				GENERATE_INFOPLIST_FILE = YES;
				INFOPLIST_FILE = "Empty Window/Paid-Info.plist";
				INFOPLIST_KEY_NSLocationWhenInUseUsageDescription = "Location!";
				INFOPLIST_KEY_UIApplicationSupportsIndirectInputEvents = YES;
				INFOPLIST_KEY_UILaunchStoryboardName = LaunchScreen;
				INFOPLIST_KEY_UIMainStoryboardFile = Main;
				INFOPLIST_KEY_UISupportedInterfaceOrientations_iPad = "UIInterfaceOrientationPortrait UIInterfaceOrientationPortraitUpsideDown UIInterfaceOrientationLandscapeLeft UIInterfaceOrientationLandscapeRight";
				INFOPLIST_KEY_UISupportedInterfaceOrientations_iPhone = "UIInterfaceOrientationPortrait UIInterfaceOrientationLandscapeLeft UIInterfaceOrientationLandscapeRight";
				LD_RUNPATH_SEARCH_PATHS = (
					"$(inherited)",
					"@executable_path/Frameworks",
				);
				MARKETING_VERSION = 1.0;
				PRODUCT_BUNDLE_IDENTIFIER = "${inherited}";
				PRODUCT_NAME = "$(PRODUCT_NAME)";
				PROVISIONING_PROFILE_SPECIFIER = "";
				SWIFT_EMIT_LOC_STRINGS = YES;
				SWIFT_VERSION = 5.0;
				TARGETED_DEVICE_FAMILY = "1,2";
				X_API_KEY = "api-key-in-debug";
			};
			name = Debug;
		};
		C4A59D5E2DBF6C6C004CFA72 /* Release */ = {
			isa = XCBuildConfiguration;
			baseConfigurationReference = CDD52F8D0E66F5C981743B2A /* PaidRelease.xcconfig */;
			buildSettings = {
				ASSETCATALOG_COMPILER_APPICON_NAME = AppIcon;
				ASSETCATALOG_COMPILER_GLOBAL_ACCENT_COLOR_NAME = AccentColor;
				CODE_SIGN_IDENTITY = "Apple Development";
				CODE_SIGN_STYLE = Manual;
				CURRENT_PROJECT_VERSION = 1;
				DEVELOPMENT_TEAM = "";
				GENERATE_INFOPLIST_FILE = YES;
				INFOPLIST_FILE = "Empty Window/Paid-Info.plist";
				INFOPLIST_KEY_NSLocationWhenInUseUsageDescription = "Location!";
				INFOPLIST_KEY_UIApplicationSupportsIndirectInputEvents = YES;
				INFOPLIST_KEY_UILaunchStoryboardName = LaunchScreen;
				INFOPLIST_KEY_UIMainStoryboardFile = Main;
				INFOPLIST_KEY_UISupportedInterfaceOrientations_iPad = "UIInterfaceOrientationPortrait UIInterfaceOrientationPortraitUpsideDown UIInterfaceOrientationLandscapeLeft UIInterfaceOrientationLandscapeRight";
				INFOPLIST_KEY_UISupportedInterfaceOrientations_iPhone = "UIInterfaceOrientationPortrait UIInterfaceOrientationLandscapeLeft UIInterfaceOrientationLandscapeRight";
				LD_RUNPATH_SEARCH_PATHS = (
					"$(inherited)",
					"@executable_path/Frameworks",
				);
				MARKETING_VERSION = 1.0;
				PRODUCT_BUNDLE_IDENTIFIER = "${inherited}";
				PRODUCT_NAME = "$(PRODUCT_NAME)";
				PROVISIONING_PROFILE_SPECIFIER = "";
				SWIFT_EMIT_LOC_STRINGS = YES;
				SWIFT_VERSION = 5.0;
				TARGETED_DEVICE_FAMILY = "1,2";
				X_API_KEY = "api-key-in-release";
			};
			name = Release;
		};
		C82C8CAD28B4EC8200CBF5D7 /* Debug */ = {
			isa = XCBuildConfiguration;
			buildSettings = {
				ALWAYS_SEARCH_USER_PATHS = NO;
				CLANG_ANALYZER_NONNULL = YES;
				CLANG_ANALYZER_NUMBER_OBJECT_CONVERSION = YES_AGGRESSIVE;
				CLANG_CXX_LANGUAGE_STANDARD = "gnu++17";
				CLANG_ENABLE_MODULES = YES;
				CLANG_ENABLE_OBJC_ARC = YES;
				CLANG_ENABLE_OBJC_WEAK = YES;
				CLANG_WARN_BLOCK_CAPTURE_AUTORELEASING = YES;
				CLANG_WARN_BOOL_CONVERSION = YES;
				CLANG_WARN_COMMA = YES;
				CLANG_WARN_CONSTANT_CONVERSION = YES;
				CLANG_WARN_DEPRECATED_OBJC_IMPLEMENTATIONS = YES;
				CLANG_WARN_DIRECT_OBJC_ISA_USAGE = YES_ERROR;
				CLANG_WARN_DOCUMENTATION_COMMENTS = YES;
				CLANG_WARN_EMPTY_BODY = YES;
				CLANG_WARN_ENUM_CONVERSION = YES;
				CLANG_WARN_INFINITE_RECURSION = YES;
				CLANG_WARN_INT_CONVERSION = YES;
				CLANG_WARN_NON_LITERAL_NULL_CONVERSION = YES;
				CLANG_WARN_OBJC_IMPLICIT_RETAIN_SELF = YES;
				CLANG_WARN_OBJC_LITERAL_CONVERSION = YES;
				CLANG_WARN_OBJC_ROOT_CLASS = YES_ERROR;
				CLANG_WARN_QUOTED_INCLUDE_IN_FRAMEWORK_HEADER = YES;
				CLANG_WARN_RANGE_LOOP_ANALYSIS = YES;
				CLANG_WARN_STRICT_PROTOTYPES = YES;
				CLANG_WARN_SUSPICIOUS_MOVE = YES;
				CLANG_WARN_UNGUARDED_AVAILABILITY = YES_AGGRESSIVE;
				CLANG_WARN_UNREACHABLE_CODE = YES;
				CLANG_WARN__DUPLICATE_METHOD_MATCH = YES;
				COPY_PHASE_STRIP = NO;
				DEBUG_INFORMATION_FORMAT = dwarf;
				ENABLE_STRICT_OBJC_MSGSEND = YES;
				ENABLE_TESTABILITY = YES;
				ENABLE_USER_SCRIPT_SANDBOXING = NO;
				GCC_C_LANGUAGE_STANDARD = gnu11;
				GCC_DYNAMIC_NO_PIC = NO;
				GCC_NO_COMMON_BLOCKS = YES;
				GCC_OPTIMIZATION_LEVEL = 0;
				GCC_PREPROCESSOR_DEFINITIONS = (
					"DEBUG=1",
					"$(inherited)",
				);
				GCC_WARN_64_TO_32_BIT_CONVERSION = YES;
				GCC_WARN_ABOUT_RETURN_TYPE = YES_ERROR;
				GCC_WARN_UNDECLARED_SELECTOR = YES;
				GCC_WARN_UNINITIALIZED_AUTOS = YES_AGGRESSIVE;
				GCC_WARN_UNUSED_FUNCTION = YES;
				GCC_WARN_UNUSED_VARIABLE = YES;
				IPHONEOS_DEPLOYMENT_TARGET = 15.5;
				MTL_ENABLE_DEBUG_INFO = INCLUDE_SOURCE;
				MTL_FAST_MATH = YES;
				ONLY_ACTIVE_ARCH = YES;
				SDKROOT = iphoneos;
				SWIFT_ACTIVE_COMPILATION_CONDITIONS = "DEBUG PAID";
				SWIFT_OPTIMIZATION_LEVEL = "-Onone";
			};
			name = Debug;
		};
		C82C8CAE28B4EC8200CBF5D7 /* Release */ = {
			isa = XCBuildConfiguration;
			buildSettings = {
				ALWAYS_SEARCH_USER_PATHS = NO;
				CLANG_ANALYZER_NONNULL = YES;
				CLANG_ANALYZER_NUMBER_OBJECT_CONVERSION = YES_AGGRESSIVE;
				CLANG_CXX_LANGUAGE_STANDARD = "gnu++17";
				CLANG_ENABLE_MODULES = YES;
				CLANG_ENABLE_OBJC_ARC = YES;
				CLANG_ENABLE_OBJC_WEAK = YES;
				CLANG_WARN_BLOCK_CAPTURE_AUTORELEASING = YES;
				CLANG_WARN_BOOL_CONVERSION = YES;
				CLANG_WARN_COMMA = YES;
				CLANG_WARN_CONSTANT_CONVERSION = YES;
				CLANG_WARN_DEPRECATED_OBJC_IMPLEMENTATIONS = YES;
				CLANG_WARN_DIRECT_OBJC_ISA_USAGE = YES_ERROR;
				CLANG_WARN_DOCUMENTATION_COMMENTS = YES;
				CLANG_WARN_EMPTY_BODY = YES;
				CLANG_WARN_ENUM_CONVERSION = YES;
				CLANG_WARN_INFINITE_RECURSION = YES;
				CLANG_WARN_INT_CONVERSION = YES;
				CLANG_WARN_NON_LITERAL_NULL_CONVERSION = YES;
				CLANG_WARN_OBJC_IMPLICIT_RETAIN_SELF = YES;
				CLANG_WARN_OBJC_LITERAL_CONVERSION = YES;
				CLANG_WARN_OBJC_ROOT_CLASS = YES_ERROR;
				CLANG_WARN_QUOTED_INCLUDE_IN_FRAMEWORK_HEADER = YES;
				CLANG_WARN_RANGE_LOOP_ANALYSIS = YES;
				CLANG_WARN_STRICT_PROTOTYPES = YES;
				CLANG_WARN_SUSPICIOUS_MOVE = YES;
				CLANG_WARN_UNGUARDED_AVAILABILITY = YES_AGGRESSIVE;
				CLANG_WARN_UNREACHABLE_CODE = YES;
				CLANG_WARN__DUPLICATE_METHOD_MATCH = YES;
				COPY_PHASE_STRIP = NO;
				DEBUG_INFORMATION_FORMAT = "dwarf-with-dsym";
				ENABLE_NS_ASSERTIONS = NO;
				ENABLE_STRICT_OBJC_MSGSEND = YES;
				ENABLE_USER_SCRIPT_SANDBOXING = NO;
				GCC_C_LANGUAGE_STANDARD = gnu11;
				GCC_NO_COMMON_BLOCKS = YES;
				GCC_WARN_64_TO_32_BIT_CONVERSION = YES;
				GCC_WARN_ABOUT_RETURN_TYPE = YES_ERROR;
				GCC_WARN_UNDECLARED_SELECTOR = YES;
				GCC_WARN_UNINITIALIZED_AUTOS = YES_AGGRESSIVE;
				GCC_WARN_UNUSED_FUNCTION = YES;
				GCC_WARN_UNUSED_VARIABLE = YES;
				IPHONEOS_DEPLOYMENT_TARGET = 15.5;
				MTL_ENABLE_DEBUG_INFO = NO;
				MTL_FAST_MATH = YES;
				SDKROOT = iphoneos;
				SWIFT_ACTIVE_COMPILATION_CONDITIONS = PAID;
				SWIFT_COMPILATION_MODE = wholemodule;
				SWIFT_OPTIMIZATION_LEVEL = "-O";
				VALIDATE_PRODUCT = YES;
			};
			name = Release;
		};
		C82C8CB028B4EC8200CBF5D7 /* Debug */ = {
			isa = XCBuildConfiguration;
			baseConfigurationReference = FCE231AE37A87C92BB262BDD /* FreeDebug.xcconfig */;
			buildSettings = {
				ASSETCATALOG_COMPILER_APPICON_NAME = AppIcon;
				ASSETCATALOG_COMPILER_GLOBAL_ACCENT_COLOR_NAME = AccentColor;
				CODE_SIGN_ENTITLEMENTS = "Empty Window/Empty WindowDebug.entitlements";
				CODE_SIGN_IDENTITY = "Apple Development";
				CODE_SIGN_STYLE = Manual;
				CURRENT_PROJECT_VERSION = 1;
				DEVELOPMENT_TEAM = "";
				GENERATE_INFOPLIST_FILE = YES;
				INFOPLIST_FILE = "Empty Window/Info.plist";
				INFOPLIST_KEY_NSLocationWhenInUseUsageDescription = "Location!";
				INFOPLIST_KEY_UIApplicationSupportsIndirectInputEvents = YES;
				INFOPLIST_KEY_UILaunchStoryboardName = LaunchScreen;
				INFOPLIST_KEY_UIMainStoryboardFile = Main;
				INFOPLIST_KEY_UISupportedInterfaceOrientations_iPad = "UIInterfaceOrientationPortrait UIInterfaceOrientationPortraitUpsideDown UIInterfaceOrientationLandscapeLeft UIInterfaceOrientationLandscapeRight";
				INFOPLIST_KEY_UISupportedInterfaceOrientations_iPhone = "UIInterfaceOrientationPortrait UIInterfaceOrientationLandscapeLeft UIInterfaceOrientationLandscapeRight";
				LD_RUNPATH_SEARCH_PATHS = (
					"$(inherited)",
					"@executable_path/Frameworks",
				);
				MARKETING_VERSION = 1.0;
				"OTHER_SWIFT_FLAGS[arch=*]" = "";
				PRODUCT_BUNDLE_IDENTIFIER = "${inherited}";
				PRODUCT_NAME = "$(PRODUCT_NAME)";
				PROVISIONING_PROFILE_SPECIFIER = "";
				SWIFT_ACTIVE_COMPILATION_CONDITIONS = "DEBUG FEATURE_A";
				"SWIFT_ACTIVE_COMPILATION_CONDITIONS[sdk=watch*]" = "DEBUG FEATURE_B";
				SWIFT_EMIT_LOC_STRINGS = YES;
				SWIFT_VERSION = 5.0;
				TARGETED_DEVICE_FAMILY = "1,2";
				X_API_KEY = "api-key-in-debug";
			};
			name = Debug;
		};
		C82C8CB128B4EC8200CBF5D7 /* Release */ = {
			isa = XCBuildConfiguration;
			baseConfigurationReference = D5EB1F7A693BCE3CB7F55856 /* FreeRelease.xcconfig */;
			buildSettings = {
				ASSETCATALOG_COMPILER_APPICON_NAME = AppIcon;
				ASSETCATALOG_COMPILER_GLOBAL_ACCENT_COLOR_NAME = AccentColor;
				CODE_SIGN_IDENTITY = "Apple Development";
				CODE_SIGN_STYLE = Manual;
				CURRENT_PROJECT_VERSION = 1;
				DEVELOPMENT_TEAM = "";
				GENERATE_INFOPLIST_FILE = YES;
				INFOPLIST_FILE = "Empty Window/Info.plist";
				INFOPLIST_KEY_NSLocationWhenInUseUsageDescription = "Location!";
				INFOPLIST_KEY_UIApplicationSupportsIndirectInputEvents = YES;
				INFOPLIST_KEY_UILaunchStoryboardName = LaunchScreen;
				INFOPLIST_KEY_UIMainStoryboardFile = Main;
				INFOPLIST_KEY_UISupportedInterfaceOrientations_iPad = "UIInterfaceOrientationPortrait UIInterfaceOrientationPortraitUpsideDown UIInterfaceOrientationLandscapeLeft UIInterfaceOrientationLandscapeRight";
				INFOPLIST_KEY_UISupportedInterfaceOrientations_iPhone = "UIInterfaceOrientationPortrait UIInterfaceOrientationLandscapeLeft UIInterfaceOrientationLandscapeRight";
				LD_RUNPATH_SEARCH_PATHS = (
					"$(inherited)",
					"@executable_path/Frameworks",
				);
				MARKETING_VERSION = 1.0;
				PRODUCT_BUNDLE_IDENTIFIER = "${inherited}";
				PRODUCT_NAME = "$(PRODUCT_NAME)";
				PROVISIONING_PROFILE_SPECIFIER = "";
				SWIFT_ACTIVE_COMPILATION_CONDITIONS = "";
				SWIFT_EMIT_LOC_STRINGS = YES;
				SWIFT_VERSION = 5.0;
				TARGETED_DEVICE_FAMILY = "1,2";
				X_API_KEY = "api-key-in-release";
			};
			name = Release;
		};
		D0564B362AD2B16A002DBC2C /* Debug */ = {
			isa = XCBuildConfiguration;
			baseConfigurationReference = 2C55BE2C8C7AF0B667748345 /* Pods-Empty Window Tests.debug.xcconfig */;
			buildSettings = {
				BUNDLE_LOADER = "$(TEST_HOST)";
				CLANG_CXX_LANGUAGE_STANDARD = "gnu++20";
				CODE_SIGN_STYLE = Manual;
				CURRENT_PROJECT_VERSION = 1;
				DEVELOPMENT_TEAM = "";
				GENERATE_INFOPLIST_FILE = YES;
				IPHONEOS_DEPLOYMENT_TARGET = 16.4;
				MARKETING_VERSION = 1.0;
				PRODUCT_BUNDLE_IDENTIFIER = "com.learn.Empty-Window-Tests";
				PRODUCT_NAME = "$(TARGET_NAME)";
				PROVISIONING_PROFILE_SPECIFIER = "";
				SWIFT_EMIT_LOC_STRINGS = NO;
				SWIFT_VERSION = 5.0;
				TARGETED_DEVICE_FAMILY = "1,2";
				TEST_HOST = "$(BUILT_PRODUCTS_DIR)/Empty Window.app/$(BUNDLE_EXECUTABLE_FOLDER_PATH)/Empty Window";
			};
			name = Debug;
		};
		D0564B372AD2B16A002DBC2C /* Release */ = {
			isa = XCBuildConfiguration;
			baseConfigurationReference = ED7DEDA97A5D2E793C225566 /* Pods-Empty Window Tests.release.xcconfig */;
			buildSettings = {
				BUNDLE_LOADER = "$(TEST_HOST)";
				CLANG_CXX_LANGUAGE_STANDARD = "gnu++20";
				CODE_SIGN_STYLE = Manual;
				CURRENT_PROJECT_VERSION = 1;
				DEVELOPMENT_TEAM = "";
				GENERATE_INFOPLIST_FILE = YES;
				IPHONEOS_DEPLOYMENT_TARGET = 16.4;
				MARKETING_VERSION = 1.0;
				PRODUCT_BUNDLE_IDENTIFIER = "com.learn.Empty-Window-Tests";
				PRODUCT_NAME = "$(TARGET_NAME)";
				PROVISIONING_PROFILE_SPECIFIER = "";
				SWIFT_EMIT_LOC_STRINGS = NO;
				SWIFT_VERSION = 5.0;
				TARGETED_DEVICE_FAMILY = "1,2";
				TEST_HOST = "$(BUILT_PRODUCTS_DIR)/Empty Window.app/$(BUNDLE_EXECUTABLE_FOLDER_PATH)/Empty Window";
			};
			name = Release;
		};
/* End XCBuildConfiguration section */

/* Begin XCConfigurationList section */
		C4A59D5C2DBF6C6C004CFA72 /* Build configuration list for PBXNativeTarget "Empty Window Paid" */ = {
			isa = XCConfigurationList;
			buildConfigurations = (
				C4A59D5D2DBF6C6C004CFA72 /* Debug */,
				C4A59D5E2DBF6C6C004CFA72 /* Release */,
			);
			defaultConfigurationIsVisible = 0;
			defaultConfigurationName = Release;
		};
		C82C8C9628B4EC7F00CBF5D7 /* Build configuration list for PBXProject "Empty Window" */ = {
			isa = XCConfigurationList;
			buildConfigurations = (
				C82C8CAD28B4EC8200CBF5D7 /* Debug */,
				C82C8CAE28B4EC8200CBF5D7 /* Release */,
			);
			defaultConfigurationIsVisible = 0;
			defaultConfigurationName = Release;
		};
		C82C8CAF28B4EC8200CBF5D7 /* Build configuration list for PBXNativeTarget "Empty Window" */ = {
			isa = XCConfigurationList;
			buildConfigurations = (
				C82C8CB028B4EC8200CBF5D7 /* Debug */,
				C82C8CB128B4EC8200CBF5D7 /* Release */,
			);
			defaultConfigurationIsVisible = 0;
			defaultConfigurationName = Release;
		};
		D0564B382AD2B16A002DBC2C /* Build configuration list for PBXNativeTarget "Empty Window Tests" */ = {
			isa = XCConfigurationList;
			buildConfigurations = (
				D0564B362AD2B16A002DBC2C /* Debug */,
				D0564B372AD2B16A002DBC2C /* Release */,
			);
			defaultConfigurationIsVisible = 0;
			defaultConfigurationName = Release;
		};
/* End XCConfigurationList section */
	};
	rootObject = C82C8C9328B4EC7F00CBF5D7 /* Project object */;
}
