// !$*UTF8*$!
{
	archiveVersion = 1;
	classes = {
	};
	objectVersion = 55;
	objects = {

/* Begin PBXBuildFile section */
		C821BDC6293523A200EE27BD /* Network.swift in Sources */ = {isa = PBXBuildFile; fileRef = C821BDC5293523A200EE27BD /* Network.swift */; };
		C82C8C9F28B4EC7F00CBF5D7 /* AppDelegate.swift in Sources */ = {isa = PBXBuildFile; fileRef = C82C8C9E28B4EC7F00CBF5D7 /* AppDelegate.swift */; };
		C82C8CA128B4EC7F00CBF5D7 /* SceneDelegate.swift in Sources */ = {isa = PBXBuildFile; fileRef = C82C8CA028B4EC7F00CBF5D7 /* SceneDelegate.swift */; };
		C82C8CA328B4EC7F00CBF5D7 /* ViewController.swift in Sources */ = {isa = PBXBuildFile; fileRef = C82C8CA228B4EC7F00CBF5D7 /* ViewController.swift */; };
		C82C8CA628B4EC7F00CBF5D7 /* Main.storyboard in Resources */ = {isa = PBXBuildFile; fileRef = C82C8CA428B4EC7F00CBF5D7 /* Main.storyboard */; };
		C82C8CA828B4EC8200CBF5D7 /* Assets.xcassets in Resources */ = {isa = PBXBuildFile; fileRef = C82C8CA728B4EC8200CBF5D7 /* Assets.xcassets */; };
		C82C8CAB28B4EC8200CBF5D7 /* LaunchScreen.storyboard in Resources */ = {isa = PBXBuildFile; fileRef = C82C8CA928B4EC8200CBF5D7 /* LaunchScreen.storyboard */; };
/* End PBXBuildFile section */

/* Begin PBXFileReference section */
		C821BDC5293523A200EE27BD /* Network.swift */ = {isa = PBXFileReference; lastKnownFileType = sourcecode.swift; path = Network.swift; sourceTree = "<group>"; };
		C82C8C9B28B4EC7F00CBF5D7 /* Empty Window.app */ = {isa = PBXFileReference; explicitFileType = wrapper.application; includeInIndex = 0; path = "Empty Window.app"; sourceTree = BUILT_PRODUCTS_DIR; };
		C82C8C9E28B4EC7F00CBF5D7 /* AppDelegate.swift */ = {isa = PBXFileReference; lastKnownFileType = sourcecode.swift; path = AppDelegate.swift; sourceTree = "<group>"; };
		C82C8CA028B4EC7F00CBF5D7 /* SceneDelegate.swift */ = {isa = PBXFileReference; lastKnownFileType = sourcecode.swift; path = SceneDelegate.swift; sourceTree = "<group>"; };
		C82C8CA228B4EC7F00CBF5D7 /* ViewController.swift */ = {isa = PBXFileReference; lastKnownFileType = sourcecode.swift; path = ViewController.swift; sourceTree = "<group>"; };
		C82C8CA528B4EC7F00CBF5D7 /* Base */ = {isa = PBXFileReference; lastKnownFileType = file.storyboard; name = Base; path = Base.lproj/Main.storyboard; sourceTree = "<group>"; };
		C82C8CA728B4EC8200CBF5D7 /* Assets.xcassets */ = {isa = PBXFileReference; lastKnownFileType = folder.assetcatalog; path = Assets.xcassets; sourceTree = "<group>"; };
		C82C8CAA28B4EC8200CBF5D7 /* Base */ = {isa = PBXFileReference; lastKnownFileType = file.storyboard; name = Base; path = Base.lproj/LaunchScreen.storyboard; sourceTree = "<group>"; };
		C82C8CAC28B4EC8200CBF5D7 /* Info.plist */ = {isa = PBXFileReference; lastKnownFileType = text.plist.xml; path = Info.plist; sourceTree = "<group>"; };
/* End PBXFileReference section */

/* Begin PBXFrameworksBuildPhase section */
		C82C8C9828B4EC7F00CBF5D7 /* Frameworks */ = {
			isa = PBXFrameworksBuildPhase;
			buildActionMask = 2147483647;
			files = (
			);
			runOnlyForDeploymentPostprocessing = 0;
		};
/* End PBXFrameworksBuildPhase section */

/* Begin PBXGroup section */
		C821BDC42935238E00EE27BD /* Network */ = {
			isa = PBXGroup;
			children = (
				C821BDC5293523A200EE27BD /* Network.swift */,
			);
			name = Network;
			sourceTree = "<group>";
		};
		C821BDC7293523B000EE27BD /* Login */ = {
			isa = PBXGroup;
			children = (
			);
			path = Login;
			sourceTree = "<group>";
		};
		C82C8C9228B4EC7F00CBF5D7 = {
			isa = PBXGroup;
			children = (
				C82C8C9D28B4EC7F00CBF5D7 /* Empty Window */,
				C82C8C9C28B4EC7F00CBF5D7 /* Products */,
			);
			sourceTree = "<group>";
		};
		C82C8C9C28B4EC7F00CBF5D7 /* Products */ = {
			isa = PBXGroup;
			children = (
				C82C8C9B28B4EC7F00CBF5D7 /* Empty Window.app */,
			);
			name = Products;
			sourceTree = "<group>";
		};
		C82C8C9D28B4EC7F00CBF5D7 /* Empty Window */ = {
			isa = PBXGroup;
			children = (
				C821BDC7293523B000EE27BD /* Login */,
				C821BDC42935238E00EE27BD /* Network */,
				C82C8C9E28B4EC7F00CBF5D7 /* AppDelegate.swift */,
				C82C8CA028B4EC7F00CBF5D7 /* SceneDelegate.swift */,
				C82C8CA228B4EC7F00CBF5D7 /* ViewController.swift */,
				C82C8CA428B4EC7F00CBF5D7 /* Main.storyboard */,
				C82C8CA728B4EC8200CBF5D7 /* Assets.xcassets */,
				C82C8CA928B4EC8200CBF5D7 /* LaunchScreen.storyboard */,
				C82C8CAC28B4EC8200CBF5D7 /* Info.plist */,
			);
			path = "Empty Window";
			sourceTree = "<group>";
		};
/* End PBXGroup section */

/* Begin PBXNativeTarget section */
		C82C8C9A28B4EC7F00CBF5D7 /* Empty Window */ = {
			isa = PBXNativeTarget;
			buildConfigurationList = C82C8CAF28B4EC8200CBF5D7 /* Build configuration list for PBXNativeTarget "Empty Window" */;
			buildPhases = (
				C82C8C9728B4EC7F00CBF5D7 /* Sources */,
				C82C8C9828B4EC7F00CBF5D7 /* Frameworks */,
				C82C8C9928B4EC7F00CBF5D7 /* Resources */,
			);
			buildRules = (
			);
			dependencies = (
			);
			name = "Empty Window";
			productName = "Empty Window";
			productReference = C82C8C9B28B4EC7F00CBF5D7 /* Empty Window.app */;
			productType = "com.apple.product-type.application";
		};
/* End PBXNativeTarget section */

/* Begin PBXProject section */
		C82C8C9328B4EC7F00CBF5D7 /* Project object */ = {
			isa = PBXProject;
			attributes = {
				BuildIndependentTargetsInParallel = 1;
				LastSwiftUpdateCheck = 1340;
				LastUpgradeCheck = 1340;
				TargetAttributes = {
					C82C8C9A28B4EC7F00CBF5D7 = {
						CreatedOnToolsVersion = 13.4.1;
					};
				};
			};
			buildConfigurationList = C82C8C9628B4EC7F00CBF5D7 /* Build configuration list for PBXProject "Empty Window" */;
			compatibilityVersion = "Xcode 13.0";
			developmentRegion = en;
			hasScannedForEncodings = 0;
			knownRegions = (
				en,
				Base,
			);
			mainGroup = C82C8C9228B4EC7F00CBF5D7;
			productRefGroup = C82C8C9C28B4EC7F00CBF5D7 /* Products */;
			projectDirPath = "";
			projectRoot = "";
			targets = (
				C82C8C9A28B4EC7F00CBF5D7 /* Empty Window */,
			);
		};
/* End PBXProject section */

/* Begin PBXResourcesBuildPhase section */
		C82C8C9928B4EC7F00CBF5D7 /* Resources */ = {
			isa = PBXResourcesBuildPhase;
			buildActionMask = 2147483647;
			files = (
				C82C8CAB28B4EC8200CBF5D7 /* LaunchScreen.storyboard in Resources */,
				C82C8CA828B4EC8200CBF5D7 /* Assets.xcassets in Resources */,
				C82C8CA628B4EC7F00CBF5D7 /* Main.storyboard in Resources */,
			);
			runOnlyForDeploymentPostprocessing = 0;
		};
/* End PBXResourcesBuildPhase section */

/* Begin PBXSourcesBuildPhase section */
		C82C8C9728B4EC7F00CBF5D7 /* Sources */ = {
			isa = PBXSourcesBuildPhase;
			buildActionMask = 2147483647;
			files = (
				C82C8CA328B4EC7F00CBF5D7 /* ViewController.swift in Sources */,
				C82C8C9F28B4EC7F00CBF5D7 /* AppDelegate.swift in Sources */,
				C821BDC6293523A200EE27BD /* Network.swift in Sources */,
				C82C8CA128B4EC7F00CBF5D7 /* SceneDelegate.swift in Sources */,
			);
			runOnlyForDeploymentPostprocessing = 0;
		};
/* End PBXSourcesBuildPhase section */

/* Begin PBXVariantGroup section */
		C82C8CA428B4EC7F00CBF5D7 /* Main.storyboard */ = {
			isa = PBXVariantGroup;
			children = (
				C82C8CA528B4EC7F00CBF5D7 /* Base */,
			);
			name = Main.storyboard;
			sourceTree = "<group>";
		};
		C82C8CA928B4EC8200CBF5D7 /* LaunchScreen.storyboard */ = {
			isa = PBXVariantGroup;
			children = (
				C82C8CAA28B4EC8200CBF5D7 /* Base */,
			);
			name = LaunchScreen.storyboard;
			sourceTree = "<group>";
		};
/* End PBXVariantGroup section */

/* Begin XCBuildConfiguration section */
		C82C8CAD28B4EC8200CBF5D7 /* Debug */ = {
			isa = XCBuildConfiguration;
			buildSettings = {
				ALWAYS_SEARCH_USER_PATHS = NO;
				CLANG_ANALYZER_NONNULL = YES;
				CLANG_ANALYZER_NUMBER_OBJECT_CONVERSION = YES_AGGRESSIVE;
				CLANG_CXX_LANGUAGE_STANDARD = "gnu++17";
				CLANG_ENABLE_MODULES = YES;
				CLANG_ENABLE_OBJC_ARC = YES;
				CLANG_ENABLE_OBJC_WEAK = YES;
				CLANG_WARN_BLOCK_CAPTURE_AUTORELEASING = YES;
				CLANG_WARN_BOOL_CONVERSION = YES;
				CLANG_WARN_COMMA = YES;
				CLANG_WARN_CONSTANT_CONVERSION = YES;
				CLANG_WARN_DEPRECATED_OBJC_IMPLEMENTATIONS = YES;
				CLANG_WARN_DIRECT_OBJC_ISA_USAGE = YES_ERROR;
				CLANG_WARN_DOCUMENTATION_COMMENTS = YES;
				CLANG_WARN_EMPTY_BODY = YES;
				CLANG_WARN_ENUM_CONVERSION = YES;
				CLANG_WARN_INFINITE_RECURSION = YES;
				CLANG_WARN_INT_CONVERSION = YES;
				CLANG_WARN_NON_LITERAL_NULL_CONVERSION = YES;
				CLANG_WARN_OBJC_IMPLICIT_RETAIN_SELF = YES;
				CLANG_WARN_OBJC_LITERAL_CONVERSION = YES;
				CLANG_WARN_OBJC_ROOT_CLASS = YES_ERROR;
				CLANG_WARN_QUOTED_INCLUDE_IN_FRAMEWORK_HEADER = YES;
				CLANG_WARN_RANGE_LOOP_ANALYSIS = YES;
				CLANG_WARN_STRICT_PROTOTYPES = YES;
				CLANG_WARN_SUSPICIOUS_MOVE = YES;
				CLANG_WARN_UNGUARDED_AVAILABILITY = YES_AGGRESSIVE;
				CLANG_WARN_UNREACHABLE_CODE = YES;
				CLANG_WARN__DUPLICATE_METHOD_MATCH = YES;
				COPY_PHASE_STRIP = NO;
				DEBUG_INFORMATION_FORMAT = dwarf;
				ENABLE_STRICT_OBJC_MSGSEND = YES;
				ENABLE_TESTABILITY = YES;
				GCC_C_LANGUAGE_STANDARD = gnu11;
				GCC_DYNAMIC_NO_PIC = NO;
				GCC_NO_COMMON_BLOCKS = YES;
				GCC_OPTIMIZATION_LEVEL = 0;
				GCC_PREPROCESSOR_DEFINITIONS = (
					"DEBUG=1",
					"$(inherited)",
				);
				GCC_WARN_64_TO_32_BIT_CONVERSION = YES;
				GCC_WARN_ABOUT_RETURN_TYPE = YES_ERROR;
				GCC_WARN_UNDECLARED_SELECTOR = YES;
				GCC_WARN_UNINITIALIZED_AUTOS = YES_AGGRESSIVE;
				GCC_WARN_UNUSED_FUNCTION = YES;
				GCC_WARN_UNUSED_VARIABLE = YES;
				IPHONEOS_DEPLOYMENT_TARGET = 15.5;
				MTL_ENABLE_DEBUG_INFO = INCLUDE_SOURCE;
				MTL_FAST_MATH = YES;
				ONLY_ACTIVE_ARCH = YES;
				SDKROOT = iphoneos;
				SWIFT_ACTIVE_COMPILATION_CONDITIONS = DEBUG;
				SWIFT_OPTIMIZATION_LEVEL = "-Onone";
			};
			name = Debug;
		};
		C82C8CAE28B4EC8200CBF5D7 /* Release */ = {
			isa = XCBuildConfiguration;
			buildSettings = {
				ALWAYS_SEARCH_USER_PATHS = NO;
				CLANG_ANALYZER_NONNULL = YES;
				CLANG_ANALYZER_NUMBER_OBJECT_CONVERSION = YES_AGGRESSIVE;
				CLANG_CXX_LANGUAGE_STANDARD = "gnu++17";
				CLANG_ENABLE_MODULES = YES;
				CLANG_ENABLE_OBJC_ARC = YES;
				CLANG_ENABLE_OBJC_WEAK = YES;
				CLANG_WARN_BLOCK_CAPTURE_AUTORELEASING = YES;
				CLANG_WARN_BOOL_CONVERSION = YES;
				CLANG_WARN_COMMA = YES;
				CLANG_WARN_CONSTANT_CONVERSION = YES;
				CLANG_WARN_DEPRECATED_OBJC_IMPLEMENTATIONS = YES;
				CLANG_WARN_DIRECT_OBJC_ISA_USAGE = YES_ERROR;
				CLANG_WARN_DOCUMENTATION_COMMENTS = YES;
				CLANG_WARN_EMPTY_BODY = YES;
				CLANG_WARN_ENUM_CONVERSION = YES;
				CLANG_WARN_INFINITE_RECURSION = YES;
				CLANG_WARN_INT_CONVERSION = YES;
				CLANG_WARN_NON_LITERAL_NULL_CONVERSION = YES;
				CLANG_WARN_OBJC_IMPLICIT_RETAIN_SELF = YES;
				CLANG_WARN_OBJC_LITERAL_CONVERSION = YES;
				CLANG_WARN_OBJC_ROOT_CLASS = YES_ERROR;
				CLANG_WARN_QUOTED_INCLUDE_IN_FRAMEWORK_HEADER = YES;
				CLANG_WARN_RANGE_LOOP_ANALYSIS = YES;
				CLANG_WARN_STRICT_PROTOTYPES = YES;
				CLANG_WARN_SUSPICIOUS_MOVE = YES;
				CLANG_WARN_UNGUARDED_AVAILABILITY = YES_AGGRESSIVE;
				CLANG_WARN_UNREACHABLE_CODE = YES;
				CLANG_WARN__DUPLICATE_METHOD_MATCH = YES;
				COPY_PHASE_STRIP = NO;
				DEBUG_INFORMATION_FORMAT = "dwarf-with-dsym";
				ENABLE_NS_ASSERTIONS = NO;
				ENABLE_STRICT_OBJC_MSGSEND = YES;
				GCC_C_LANGUAGE_STANDARD = gnu11;
				GCC_NO_COMMON_BLOCKS = YES;
				GCC_WARN_64_TO_32_BIT_CONVERSION = YES;
				GCC_WARN_ABOUT_RETURN_TYPE = YES_ERROR;
				GCC_WARN_UNDECLARED_SELECTOR = YES;
				GCC_WARN_UNINITIALIZED_AUTOS = YES_AGGRESSIVE;
				GCC_WARN_UNUSED_FUNCTION = YES;
				GCC_WARN_UNUSED_VARIABLE = YES;
				IPHONEOS_DEPLOYMENT_TARGET = 15.5;
				MTL_ENABLE_DEBUG_INFO = NO;
				MTL_FAST_MATH = YES;
				SDKROOT = iphoneos;
				SWIFT_COMPILATION_MODE = wholemodule;
				SWIFT_OPTIMIZATION_LEVEL = "-O";
				VALIDATE_PRODUCT = YES;
			};
			name = Release;
		};
		C82C8CB028B4EC8200CBF5D7 /* Debug */ = {
			isa = XCBuildConfiguration;
			buildSettings = {
				ASSETCATALOG_COMPILER_APPICON_NAME = AppIcon;
				ASSETCATALOG_COMPILER_GLOBAL_ACCENT_COLOR_NAME = AccentColor;
				CODE_SIGN_IDENTITY = "Apple Development";
				CODE_SIGN_STYLE = Automatic;
				CURRENT_PROJECT_VERSION = 1;
				DEVELOPMENT_TEAM = N5V385V7SU;
				GENERATE_INFOPLIST_FILE = YES;
				INFOPLIST_FILE = "Empty Window/Info.plist";
				INFOPLIST_KEY_UIApplicationSupportsIndirectInputEvents = YES;
				INFOPLIST_KEY_UILaunchStoryboardName = LaunchScreen;
				INFOPLIST_KEY_UIMainStoryboardFile = Main;
				INFOPLIST_KEY_UISupportedInterfaceOrientations_iPad = "UIInterfaceOrientationPortrait UIInterfaceOrientationPortraitUpsideDown UIInterfaceOrientationLandscapeLeft UIInterfaceOrientationLandscapeRight";
				INFOPLIST_KEY_UISupportedInterfaceOrientations_iPhone = "UIInterfaceOrientationPortrait UIInterfaceOrientationLandscapeLeft UIInterfaceOrientationLandscapeRight";
				LD_RUNPATH_SEARCH_PATHS = (
					"$(inherited)",
					"@executable_path/Frameworks",
				);
				MARKETING_VERSION = 1.0;
				PRODUCT_BUNDLE_IDENTIFIER = "com.learn.Empty-Window";
				PRODUCT_NAME = "$(TARGET_NAME)";
				PROVISIONING_PROFILE_SPECIFIER = "";
				SWIFT_EMIT_LOC_STRINGS = YES;
				SWIFT_VERSION = 5.0;
				TARGETED_DEVICE_FAMILY = "1,2";
			};
			name = Debug;
		};
		C82C8CB128B4EC8200CBF5D7 /* Release */ = {
			isa = XCBuildConfiguration;
			buildSettings = {
				ASSETCATALOG_COMPILER_APPICON_NAME = AppIcon;
				ASSETCATALOG_COMPILER_GLOBAL_ACCENT_COLOR_NAME = AccentColor;
				CODE_SIGN_IDENTITY = "Apple Development";
				CODE_SIGN_STYLE = Automatic;
				CURRENT_PROJECT_VERSION = 1;
				DEVELOPMENT_TEAM = N5V385V7SU;
				GENERATE_INFOPLIST_FILE = YES;
				INFOPLIST_FILE = "Empty Window/Info.plist";
				INFOPLIST_KEY_UIApplicationSupportsIndirectInputEvents = YES;
				INFOPLIST_KEY_UILaunchStoryboardName = LaunchScreen;
				INFOPLIST_KEY_UIMainStoryboardFile = Main;
				INFOPLIST_KEY_UISupportedInterfaceOrientations_iPad = "UIInterfaceOrientationPortrait UIInterfaceOrientationPortraitUpsideDown UIInterfaceOrientationLandscapeLeft UIInterfaceOrientationLandscapeRight";
				INFOPLIST_KEY_UISupportedInterfaceOrientations_iPhone = "UIInterfaceOrientationPortrait UIInterfaceOrientationLandscapeLeft UIInterfaceOrientationLandscapeRight";
				LD_RUNPATH_SEARCH_PATHS = (
					"$(inherited)",
					"@executable_path/Frameworks",
				);
				MARKETING_VERSION = 1.0;
				PRODUCT_BUNDLE_IDENTIFIER = "com.learn.Empty-Window";
				PRODUCT_NAME = "$(TARGET_NAME)";
				PROVISIONING_PROFILE_SPECIFIER = "";
				SWIFT_EMIT_LOC_STRINGS = YES;
				SWIFT_VERSION = 5.0;
				TARGETED_DEVICE_FAMILY = "1,2";
			};
			name = Release;
		};
/* End XCBuildConfiguration section */

/* Begin XCConfigurationList section */
		C82C8C9628B4EC7F00CBF5D7 /* Build configuration list for PBXProject "Empty Window" */ = {
			isa = XCConfigurationList;
			buildConfigurations = (
				C82C8CAD28B4EC8200CBF5D7 /* Debug */,
				C82C8CAE28B4EC8200CBF5D7 /* Release */,
			);
			defaultConfigurationIsVisible = 0;
			defaultConfigurationName = Release;
		};
		C82C8CAF28B4EC8200CBF5D7 /* Build configuration list for PBXNativeTarget "Empty Window" */ = {
			isa = XCConfigurationList;
			buildConfigurations = (
				C82C8CB028B4EC8200CBF5D7 /* Debug */,
				C82C8CB128B4EC8200CBF5D7 /* Release */,
			);
			defaultConfigurationIsVisible = 0;
			defaultConfigurationName = Release;
		};
/* End XCConfigurationList section */
	};
	rootObject = C82C8C9328B4EC7F00CBF5D7 /* Project object */;
}
